
Microsoft Visual Studio Solution File, Format Version 12.00
# Visual Studio Version 16
VisualStudioVersion = 16.0.29728.190
MinimumVisualStudioVersion = 10.0.40219.1
Project("{9A19103F-16F7-4668-BE54-9A1E7A4F7556}") = "WoWDatabaseEditorCore", "WoWDatabaseEditor\WoWDatabaseEditorCore.csproj", "{99C9E82C-C594-446D-AA59-8FFBC43AD226}"
EndProject
Project("{9A19103F-16F7-4668-BE54-9A1E7A4F7556}") = "WDE.SmartScriptEditor", "WDE.SmartScriptEditor\WDE.SmartScriptEditor.csproj", "{B060C7F1-97B0-4A26-B7A8-E47C9AF08D07}"
EndProject
Project("{9A19103F-16F7-4668-BE54-9A1E7A4F7556}") = "WDE.Common", "WoWDatabaseEditor.Common\WDE.Common\WDE.Common.csproj", "{9D1A4E14-2FE1-403A-A042-ED7E49DB0438}"
EndProject
Project("{9A19103F-16F7-4668-BE54-9A1E7A4F7556}") = "WDE.Solutions", "WDE.Solutions\WDE.Solutions.csproj", "{ACD1C8BC-B91A-40E8-865D-D6826758E7CC}"
EndProject
Project("{9A19103F-16F7-4668-BE54-9A1E7A4F7556}") = "WDE.Parameters", "WDE.Parameters\WDE.Parameters.csproj", "{3CD1E251-D9BF-4061-A8D5-4AC65106C896}"
EndProject
Project("{9A19103F-16F7-4668-BE54-9A1E7A4F7556}") = "WDE.DbcStore", "WoWDatabaseEditor.Common\WDE.DbcStore\WDE.DbcStore.csproj", "{A6109F89-0148-4C39-8631-206FFEFBA055}"
EndProject
Project("{9A19103F-16F7-4668-BE54-9A1E7A4F7556}") = "WDE.History", "WoWDatabaseEditor.Common\WDE.History\WDE.History.csproj", "{BC7E0845-C750-4DAF-8869-9170211465E6}"
EndProject
Project("{9A19103F-16F7-4668-BE54-9A1E7A4F7556}") = "WDE.SQLEditor", "WDE.SQLEditor\WDE.SQLEditor.csproj", "{7E0DE187-A45C-406B-AAAE-608F40237CE6}"
EndProject
Project("{9A19103F-16F7-4668-BE54-9A1E7A4F7556}") = "WDE.TrinityMySqlDatabase", "WoWDatabaseEditor.Common\WDE.TrinityMySqlDatabase\WDE.TrinityMySqlDatabase.csproj", "{C6BE1E01-CF2F-4FE5-A67C-AC783EB9D3F7}"
EndProject
Project("{9A19103F-16F7-4668-BE54-9A1E7A4F7556}") = "WDE.Blueprints", "WDE.Blueprints\WDE.Blueprints.csproj", "{4A11961B-85AD-464E-B881-C90F8CAC5647}"
EndProject
Project("{9A19103F-16F7-4668-BE54-9A1E7A4F7556}") = "GeminiGraphEditor", "GeminiGraphEditor\GeminiGraphEditor.csproj", "{99F6C079-A4C1-4167-992C-B02EBAA70219}"
EndProject
Project("{9A19103F-16F7-4668-BE54-9A1E7A4F7556}") = "WDE.QuestChainEditor", "WDE.QuestChainEditor\WDE.QuestChainEditor.csproj", "{F9373E23-7E19-44D2-8EC9-E638ED1243AA}"
EndProject
Project("{9A19103F-16F7-4668-BE54-9A1E7A4F7556}") = "QuestChainTest", "QuestChainTest\QuestChainTest.csproj", "{8F5E8C3A-422A-47C6-AFC3-4A62997E5D27}"
EndProject
Project("{9A19103F-16F7-4668-BE54-9A1E7A4F7556}") = "WDE.ThemeChanger", "WDE.ThemeChanger\WDE.ThemeChanger.csproj", "{11BFD551-37B0-45A1-9890-CB5481B64E7E}"
EndProject
Project("{9A19103F-16F7-4668-BE54-9A1E7A4F7556}") = "WDE.Conditions", "WDE.Conditions\WDE.Conditions.csproj", "{A55A533C-AE21-44BB-867B-1AD5BFFCCCBA}"
EndProject
Project("{9A19103F-16F7-4668-BE54-9A1E7A4F7556}") = "WDE.MVVM", "WDE.MVVM\WDE.MVVM.csproj", "{0913A384-D1CD-4531-8077-E53C2B15C193}"
EndProject
Project("{9A19103F-16F7-4668-BE54-9A1E7A4F7556}") = "WDE.MVVM.Test", "WDE.MVVM.Test\WDE.MVVM.Test.csproj", "{978E01E8-6BCF-4866-9567-301E7B6E6988}"
EndProject
Project("{9A19103F-16F7-4668-BE54-9A1E7A4F7556}") = "WDE.Trinity", "WDE.Trinity\WDE.Trinity.csproj", "{AD615AB8-1CE6-474F-BC6C-8BF0D0C7AFBF}"
EndProject
Project("{9A19103F-16F7-4668-BE54-9A1E7A4F7556}") = "WDE.AzerothCore", "WDE.AzerothCore\WDE.AzerothCore.csproj", "{4A5E9E2A-DBC9-4290-ACEB-B108FA458F0E}"
EndProject
Project("{9A19103F-16F7-4668-BE54-9A1E7A4F7556}") = "WDE.Common.WPF", "WDE.Common.WPF\WDE.Common.WPF.csproj", "{5C512B55-B4CA-4DE6-A3DC-A1500F94AE00}"
EndProject
Project("{9A19103F-16F7-4668-BE54-9A1E7A4F7556}") = "WDE.CommonViews.WPF", "WDE.CommonViews.WPF\WDE.CommonViews.WPF.csproj", "{CF05DD30-40F3-435E-BA74-6A4D088483C4}"
EndProject
Project("{9A19103F-16F7-4668-BE54-9A1E7A4F7556}") = "WDE.SmartScriptEditor.WPF", "WDE.SmartScriptEditor.WPF\WDE.SmartScriptEditor.WPF.csproj", "{F2CE4D59-594F-4DE5-8B2C-2FD605F808E8}"
EndProject
Project("{FAE04EC0-301F-11D3-BF4B-00C04F79EFBC}") = "WDE.Common.Avalonia", "WDE.Common.Avalonia\WDE.Common.Avalonia.csproj", "{7ACFACDD-9DE8-4DF3-B283-171639FD9E1E}"
EndProject
Project("{FAE04EC0-301F-11D3-BF4B-00C04F79EFBC}") = "WDE.CommonViews.Avalonia", "WDE.CommonViews.Avalonia\WDE.CommonViews.Avalonia.csproj", "{5647D3F5-EDF9-4D44-AAB9-678B31D57E6C}"
EndProject
Project("{FAE04EC0-301F-11D3-BF4B-00C04F79EFBC}") = "WDE.Conditions.WPF", "WDE.Conditions.WPF\WDE.Conditions.WPF.csproj", "{72A03A5C-F3AE-4DE6-97AF-A686C70BC78A}"
EndProject
Project("{FAE04EC0-301F-11D3-BF4B-00C04F79EFBC}") = "WDE.SmartScriptEditor.Avalonia", "WDE.SmartScriptEditor.Avalonia\WDE.SmartScriptEditor.Avalonia.csproj", "{480A1F45-1C08-45AA-9268-CEC3468D7570}"
EndProject
Project("{FAE04EC0-301F-11D3-BF4B-00C04F79EFBC}") = "AvaloniaStyles", "AvaloniaStyles\AvaloniaStyles.csproj", "{F6EB59E0-BAC4-49B9-81D3-D16D4E8A0FB6}"
EndProject
Project("{FAE04EC0-301F-11D3-BF4B-00C04F79EFBC}") = "WDE.RemoteSOAP", "WDE.RemoteSOAP\WDE.RemoteSOAP.csproj", "{E78EDD8E-8908-4987-B450-4EB857839A98}"
EndProject
Project("{FAE04EC0-301F-11D3-BF4B-00C04F79EFBC}") = "WDE.RemoteSOAP.Test", "WDE.RemoteSOAP.Test\WDE.RemoteSOAP.Test.csproj", "{0CA0846F-F6F3-4B4B-B0BA-8FF9502F9CEA}"
EndProject
Project("{2150E333-8FDC-42A3-9474-1A3956D46DE8}") = "_Solution Items", "Solution Items", "{E9668961-BD19-4360-8ABE-B9BD55EB52CA}"
	ProjectSection(SolutionItems) = preProject
		appveyor.yml = appveyor.yml
		Directory.Build.props = Directory.Build.props
		Avalonia.props = Avalonia.props
	EndProjectSection
EndProject
Project("{FAE04EC0-301F-11D3-BF4B-00C04F79EFBC}") = "WoWDatabaseEditorCore.Avalonia", "WoWDatabaseEditorCore.Avalonia\WoWDatabaseEditorCore.Avalonia.csproj", "{D38826BA-F862-4895-80DB-32CB5821ED67}"
	ProjectSection(ProjectDependencies) = postProject
					{99C9E82C-C594-446D-AA59-8FFBC43AD226} = {99C9E82C-C594-446D-AA59-8FFBC43AD226}
		{B060C7F1-97B0-4A26-B7A8-E47C9AF08D07} = {B060C7F1-97B0-4A26-B7A8-E47C9AF08D07}
		{ACD1C8BC-B91A-40E8-865D-D6826758E7CC} = {ACD1C8BC-B91A-40E8-865D-D6826758E7CC}
		{3CD1E251-D9BF-4061-A8D5-4AC65106C896} = {3CD1E251-D9BF-4061-A8D5-4AC65106C896}
		{A6109F89-0148-4C39-8631-206FFEFBA055} = {A6109F89-0148-4C39-8631-206FFEFBA055}
		{BC7E0845-C750-4DAF-8869-9170211465E6} = {BC7E0845-C750-4DAF-8869-9170211465E6}
		{7E0DE187-A45C-406B-AAAE-608F40237CE6} = {7E0DE187-A45C-406B-AAAE-608F40237CE6}
		{C6BE1E01-CF2F-4FE5-A67C-AC783EB9D3F7} = {C6BE1E01-CF2F-4FE5-A67C-AC783EB9D3F7}
		{A55A533C-AE21-44BB-867B-1AD5BFFCCCBA} = {A55A533C-AE21-44BB-867B-1AD5BFFCCCBA}
		{AD615AB8-1CE6-474F-BC6C-8BF0D0C7AFBF} = {AD615AB8-1CE6-474F-BC6C-8BF0D0C7AFBF}
		{4A5E9E2A-DBC9-4290-ACEB-B108FA458F0E} = {4A5E9E2A-DBC9-4290-ACEB-B108FA458F0E}
		{0913A384-D1CD-4531-8077-E53C2B15C193} = {0913A384-D1CD-4531-8077-E53C2B15C193}
		{5647D3F5-EDF9-4D44-AAB9-678B31D57E6C} = {5647D3F5-EDF9-4D44-AAB9-678B31D57E6C}
		{480A1F45-1C08-45AA-9268-CEC3468D7570} = {480A1F45-1C08-45AA-9268-CEC3468D7570}
		{7ACFACDD-9DE8-4DF3-B283-171639FD9E1E} = {7ACFACDD-9DE8-4DF3-B283-171639FD9E1E}
		{C238232F-57F1-465D-A251-578224F8EA25} = {C238232F-57F1-465D-A251-578224F8EA25}
		{A094F0F9-C067-4B66-8FCA-ECA3747C6A4C} = {A094F0F9-C067-4B66-8FCA-ECA3747C6A4C}
		{FF98ED22-0FFC-4C53-8946-437F5B84441F} = {FF98ED22-0FFC-4C53-8946-437F5B84441F}
		{506C7413-6FD7-472C-99AA-A0580B4D2E3B} = {506C7413-6FD7-472C-99AA-A0580B4D2E3B}
		{DCD5F40C-139E-4404-8EF0-DC85DD595E44} = {DCD5F40C-139E-4404-8EF0-DC85DD595E44}
		{1879936C-7EB8-4A2F-9791-4EF49ED2B6B5} = {1879936C-7EB8-4A2F-9791-4EF49ED2B6B5}
		{93427DB8-F7A4-43B2-9BCB-AF13544CE1DC} = {93427DB8-F7A4-43B2-9BCB-AF13544CE1DC}
		{7DDB9C5A-AA34-42AB-99E3-1280D1E0311F} = {7DDB9C5A-AA34-42AB-99E3-1280D1E0311F}
		{2B3DFEB9-808F-4EC4-B848-3C2533B40B39} = {2B3DFEB9-808F-4EC4-B848-3C2533B40B39}
		{B0F1E33D-8CD2-4839-8F87-E8835F5F8D0B} = {B0F1E33D-8CD2-4839-8F87-E8835F5F8D0B}
		{B421A454-BCA5-4B10-B0BD-BBEB5AAD3294} = {B421A454-BCA5-4B10-B0BD-BBEB5AAD3294}
		{34D133BE-D86C-49F7-8536-45E202E1EE7B} = {34D133BE-D86C-49F7-8536-45E202E1EE7B}
		
		# WPP
        {9C185B8A-052F-4240-9EC3-729496124402} = {9C185B8A-052F-4240-9EC3-729496124402}
        {A0CD6DDC-E2B3-400E-ACB7-E2339B74FCF9} = {A0CD6DDC-E2B3-400E-ACB7-E2339B74FCF9}
        {733875B9-E2B9-4EF5-8B5C-B8E98AF25975} = {733875B9-E2B9-4EF5-8B5C-B8E98AF25975}
        {A072A641-D60D-4765-B8BD-F00F727B4F89} = {A072A641-D60D-4765-B8BD-F00F727B4F89}
        {0330F689-A57E-4609-8F95-E766C0B8FFEC} = {0330F689-A57E-4609-8F95-E766C0B8FFEC}
        {AA0F45A4-467B-41AF-AA00-843D013E0156} = {AA0F45A4-467B-41AF-AA00-843D013E0156}
        {8C9313FD-A37C-45A2-9003-E84747E36188} = {8C9313FD-A37C-45A2-9003-E84747E36188}
        {F12A19FD-BCA3-426D-A4DA-7DE75EB9E39E} = {F12A19FD-BCA3-426D-A4DA-7DE75EB9E39E}
        {34CB52B4-2CB9-4E44-AF77-9F12C546775F} = {34CB52B4-2CB9-4E44-AF77-9F12C546775F}
        {39A20758-BC18-4925-B22C-C16CF8943131} = {39A20758-BC18-4925-B22C-C16CF8943131}
        {FB301202-68DD-4048-8734-C82E6FF42302} = {FB301202-68DD-4048-8734-C82E6FF42302}
        {24D556A8-025D-4031-AB19-B87815750190} = {24D556A8-025D-4031-AB19-B87815750190}
        {315B1ACB-A34C-4541-A547-E6701688874A} = {315B1ACB-A34C-4541-A547-E6701688874A}
        {2FD96AE7-74EA-4608-8071-CAFE6948FB6D} = {2FD96AE7-74EA-4608-8071-CAFE6948FB6D}
        {0A932EF2-830E-4409-AE4F-78A9C110E21F} = {0A932EF2-830E-4409-AE4F-78A9C110E21F}
		{0643A92F-D13C-493C-AE87-37EE67B17EF6} = {0643A92F-D13C-493C-AE87-37EE67B17EF6}
        # WPP end
	EndProjectSection
EndProject
Project("{9A19103F-16F7-4668-BE54-9A1E7A4F7556}") = "WoWDatabaseEditorCore.WPF", "WoWDatabaseEditorCore.WPF\WoWDatabaseEditorCore.WPF.csproj", "{60AB9143-F815-4240-9316-B0CBC8AE457A}"
	ProjectSection(ProjectDependencies) = postProject
					{99C9E82C-C594-446D-AA59-8FFBC43AD226} = {99C9E82C-C594-446D-AA59-8FFBC43AD226}
		{B060C7F1-97B0-4A26-B7A8-E47C9AF08D07} = {B060C7F1-97B0-4A26-B7A8-E47C9AF08D07}
		{ACD1C8BC-B91A-40E8-865D-D6826758E7CC} = {ACD1C8BC-B91A-40E8-865D-D6826758E7CC}
		{3CD1E251-D9BF-4061-A8D5-4AC65106C896} = {3CD1E251-D9BF-4061-A8D5-4AC65106C896}
		{A6109F89-0148-4C39-8631-206FFEFBA055} = {A6109F89-0148-4C39-8631-206FFEFBA055}
		{BC7E0845-C750-4DAF-8869-9170211465E6} = {BC7E0845-C750-4DAF-8869-9170211465E6}
		{7E0DE187-A45C-406B-AAAE-608F40237CE6} = {7E0DE187-A45C-406B-AAAE-608F40237CE6}
		{C6BE1E01-CF2F-4FE5-A67C-AC783EB9D3F7} = {C6BE1E01-CF2F-4FE5-A67C-AC783EB9D3F7}
		{11BFD551-37B0-45A1-9890-CB5481B64E7E} = {11BFD551-37B0-45A1-9890-CB5481B64E7E}
		{A55A533C-AE21-44BB-867B-1AD5BFFCCCBA} = {A55A533C-AE21-44BB-867B-1AD5BFFCCCBA}
		{AD615AB8-1CE6-474F-BC6C-8BF0D0C7AFBF} = {AD615AB8-1CE6-474F-BC6C-8BF0D0C7AFBF}
		{4A5E9E2A-DBC9-4290-ACEB-B108FA458F0E} = {4A5E9E2A-DBC9-4290-ACEB-B108FA458F0E}
		{0913A384-D1CD-4531-8077-E53C2B15C193} = {0913A384-D1CD-4531-8077-E53C2B15C193}
		{CF05DD30-40F3-435E-BA74-6A4D088483C4} = {CF05DD30-40F3-435E-BA74-6A4D088483C4}
		{F2CE4D59-594F-4DE5-8B2C-2FD605F808E8} = {F2CE4D59-594F-4DE5-8B2C-2FD605F808E8}
		{72A03A5C-F3AE-4DE6-97AF-A686C70BC78A} = {72A03A5C-F3AE-4DE6-97AF-A686C70BC78A}
		{67F88BE5-EEB2-409B-8331-ACC7ABFF46F7} = {67F88BE5-EEB2-409B-8331-ACC7ABFF46F7}
		{1879936C-7EB8-4A2F-9791-4EF49ED2B6B5} = {1879936C-7EB8-4A2F-9791-4EF49ED2B6B5}
		{C238232F-57F1-465D-A251-578224F8EA25} = {C238232F-57F1-465D-A251-578224F8EA25}
		{A094F0F9-C067-4B66-8FCA-ECA3747C6A4C} = {A094F0F9-C067-4B66-8FCA-ECA3747C6A4C}
		{FF98ED22-0FFC-4C53-8946-437F5B84441F} = {FF98ED22-0FFC-4C53-8946-437F5B84441F}
		{506C7413-6FD7-472C-99AA-A0580B4D2E3B} = {506C7413-6FD7-472C-99AA-A0580B4D2E3B}
		{7DDB9C5A-AA34-42AB-99E3-1280D1E0311F} = {7DDB9C5A-AA34-42AB-99E3-1280D1E0311F}
		{2B3DFEB9-808F-4EC4-B848-3C2533B40B39} = {2B3DFEB9-808F-4EC4-B848-3C2533B40B39}
		{B421A454-BCA5-4B10-B0BD-BBEB5AAD3294} = {B421A454-BCA5-4B10-B0BD-BBEB5AAD3294}
	EndProjectSection
EndProject
Project("{FAE04EC0-301F-11D3-BF4B-00C04F79EFBC}") = "LoaderAvalonia", "LoaderAvalonia\LoaderAvalonia.csproj", "{8B25EEAE-2DDD-4D62-A426-619FE21D2711}"
EndProject
Project("{FAE04EC0-301F-11D3-BF4B-00C04F79EFBC}") = "LoaderWPF", "LoaderWPF\LoaderWPF.csproj", "{6553F34E-9271-4EA7-BABE-35294CE0A8BA}"
EndProject
Project("{FAE04EC0-301F-11D3-BF4B-00C04F79EFBC}") = "WDE.DatabaseEditors", "WDE.DatabaseEditors\WDE.DatabaseEditors.csproj", "{1879936C-7EB8-4A2F-9791-4EF49ED2B6B5}"
EndProject
Project("{FAE04EC0-301F-11D3-BF4B-00C04F79EFBC}") = "WDE.DatabaseEditors.WPF", "WDE.DatabaseEditors.WPF\WDE.DatabaseEditors.WPF.csproj", "{67F88BE5-EEB2-409B-8331-ACC7ABFF46F7}"
EndProject
Project("{FAE04EC0-301F-11D3-BF4B-00C04F79EFBC}") = "WoWDatabaseEditorCore.Test", "WoWDatabaseEditorCore.Test\WoWDatabaseEditorCore.Test.csproj", "{4A78EB3A-3B3E-41D3-809A-60FD1EF4F801}"
EndProject
Project("{FAE04EC0-301F-11D3-BF4B-00C04F79EFBC}") = "WDE.Updater", "WDE.Updater\WDE.Updater.csproj", "{C238232F-57F1-465D-A251-578224F8EA25}"
EndProject
Project("{FAE04EC0-301F-11D3-BF4B-00C04F79EFBC}") = "Updater", "Updater\Updater.csproj", "{A094F0F9-C067-4B66-8FCA-ECA3747C6A4C}"
EndProject
Project("{FAE04EC0-301F-11D3-BF4B-00C04F79EFBC}") = "WDE.Updater.Test", "WDE.Updater.Test\WDE.Updater.Test.csproj", "{DE7953F1-6155-44F0-86D3-1DCD0A9FE5DC}"
EndProject
Project("{FAE04EC0-301F-11D3-BF4B-00C04F79EFBC}") = "WDE.MySqlDatabaseCommon", "WDE.MySqlDatabaseCommon\WDE.MySqlDatabaseCommon.csproj", "{FF98ED22-0FFC-4C53-8946-437F5B84441F}"
EndProject
Project("{FAE04EC0-301F-11D3-BF4B-00C04F79EFBC}") = "WDE.TrinitySmartScriptEditor", "WDE.TrinitySmartScriptEditor\WDE.TrinitySmartScriptEditor.csproj", "{506C7413-6FD7-472C-99AA-A0580B4D2E3B}"
EndProject
Project("{FAE04EC0-301F-11D3-BF4B-00C04F79EFBC}") = "Dock.Model", "Dock\src\Dock.Model\Dock.Model.csproj", "{F435BC90-7D12-4BDC-B337-F83A26EB77FD}"
EndProject
Project("{FAE04EC0-301F-11D3-BF4B-00C04F79EFBC}") = "Dock.Avalonia", "Dock\src\Dock.Avalonia\Dock.Avalonia.csproj", "{80EDB0DB-C085-4AAD-BF82-EACC1EB30F44}"
EndProject
Project("{FAE04EC0-301F-11D3-BF4B-00C04F79EFBC}") = "Dock.Model.ReactiveUI", "Dock\src\Dock.Model.ReactiveUI\Dock.Model.ReactiveUI.csproj", "{5395540E-4AA8-4CC2-93E3-FF3AA02C1EB8}"
EndProject
Project("{FAE04EC0-301F-11D3-BF4B-00C04F79EFBC}") = "WDE.DatabaseEditors.Avalonia", "WDE.DatabaseEditors.Avalonia\WDE.DatabaseEditors.Avalonia.csproj", "{DCD5F40C-139E-4404-8EF0-DC85DD595E44}"
EndProject
Project("{FAE04EC0-301F-11D3-BF4B-00C04F79EFBC}") = "WDE.Conditions.Avalonia", "WDE.Conditions.Avalonia\WDE.Conditions.Avalonia.csproj", "{93427DB8-F7A4-43B2-9BCB-AF13544CE1DC}"
EndProject
Project("{FAE04EC0-301F-11D3-BF4B-00C04F79EFBC}") = "WDE.SmartScriptEditor.Test", "WDE.SmartScriptEditor.Test\WDE.SmartScriptEditor.Test.csproj", "{AB6F5059-FE3C-4884-B4B8-2E3405CFE9A4}"
EndProject
Project("{2150E333-8FDC-42A3-9474-1A3956D46DE8}") = "Docking", "Docking", "{AE8F68E4-310D-4A59-9B78-5B44CAB1DBF6}"
EndProject
Project("{2150E333-8FDC-42A3-9474-1A3956D46DE8}") = "Legacy", "Legacy", "{84D7A851-140E-4077-9060-826F9D990C5B}"
EndProject
Project("{2150E333-8FDC-42A3-9474-1A3956D46DE8}") = "Cores", "Cores", "{0DA53E9B-250E-4D88-A456-35436FEA60F5}"
EndProject
Project("{2150E333-8FDC-42A3-9474-1A3956D46DE8}") = "Common", "Common", "{6C7361F8-036F-4C9A-8002-A94B71005DDB}"
EndProject
Project("{2150E333-8FDC-42A3-9474-1A3956D46DE8}") = "Editors", "Editors", "{106EEB05-E9AB-453A-ADD0-96505F405D76}"
EndProject
Project("{2150E333-8FDC-42A3-9474-1A3956D46DE8}") = "Database", "Database", "{8A37024A-7A68-4BCB-B800-766D92E041EF}"
EndProject
Project("{2150E333-8FDC-42A3-9474-1A3956D46DE8}") = "Updater", "Updater", "{2616E90A-DE5D-41B4-A95F-352A62521D86}"
EndProject
Project("{2150E333-8FDC-42A3-9474-1A3956D46DE8}") = "Services & Systems", "Services & Systems", "{4C553308-1140-42F2-B99C-90402248A983}"
EndProject
Project("{FAE04EC0-301F-11D3-BF4B-00C04F79EFBC}") = "AvaloniaEdit", "AvaloniaEdit\src\AvaloniaEdit\AvaloniaEdit.csproj", "{728293D2-ADB0-49DF-90ED-194D810363B8}"
EndProject
Project("{FAE04EC0-301F-11D3-BF4B-00C04F79EFBC}") = "WDE.SkyFireMySqlDatabase", "WoWDatabaseEditor.Common\WDE.SkyFireMySqlDatabase\WDE.SkyFireMySqlDatabase.csproj", "{7DDB9C5A-AA34-42AB-99E3-1280D1E0311F}"
EndProject
Project("{FAE04EC0-301F-11D3-BF4B-00C04F79EFBC}") = "WDE.ProjectSkyFire", "WDE.ProjectSkyFire\WDE.ProjectSkyFire.csproj", "{2B3DFEB9-808F-4EC4-B848-3C2533B40B39}"
EndProject
Project("{FAE04EC0-301F-11D3-BF4B-00C04F79EFBC}") = "WDE.SourceCodeIntegrationEditor", "WDE.SourceCodeIntegrationEditor\WDE.SourceCodeIntegrationEditor.csproj", "{B0F1E33D-8CD2-4839-8F87-E8835F5F8D0B}"
Project("{FAE04EC0-301F-11D3-BF4B-00C04F79EFBC}") = "WDE.PacketViewer", "WDE.PacketViewer\WDE.PacketViewer.csproj", "{B421A454-BCA5-4B10-B0BD-BBEB5AAD3294}"
EndProject
Project("{FAE04EC0-301F-11D3-BF4B-00C04F79EFBC}") = "WDE.PacketViewer.Avalonia", "WDE.PacketViewer.Avalonia\WDE.PacketViewer.Avalonia.csproj", "{34D133BE-D86C-49F7-8536-45E202E1EE7B}"
EndProject
Project("{2150E333-8FDC-42A3-9474-1A3956D46DE8}") = "WoWPacketParser", "WoWPacketParser", "{5B4101BE-5A22-4B88-9E94-FFC484E04BDE}"
EndProject
Project("{FAE04EC0-301F-11D3-BF4B-00C04F79EFBC}") = "WowPacketParser", "WowPacketParser\WowPacketParser\WowPacketParser.csproj", "{4EBDE3AD-9831-4F44-9EFB-5DEE51EE6390}"
EndProject
Project("{FAE04EC0-301F-11D3-BF4B-00C04F79EFBC}") = "WowPacketParser.Tests", "WowPacketParser\WowPacketParser.Tests\WowPacketParser.Tests.csproj", "{A53E4EF2-5349-4149-AE71-AA7A800E637C}"
EndProject
Project("{FAE04EC0-301F-11D3-BF4B-00C04F79EFBC}") = "WowPacketParserModule.BattleNet.V37165", "WowPacketParser\WowPacketParserModule.BattleNet.V37165\WowPacketParserModule.BattleNet.V37165.csproj", "{9C185B8A-052F-4240-9EC3-729496124402}"
EndProject
Project("{FAE04EC0-301F-11D3-BF4B-00C04F79EFBC}") = "WowPacketParserModule.Substructures", "WowPacketParser\WowPacketParserModule.Substructures\WowPacketParserModule.Substructures.csproj", "{A0CD6DDC-E2B3-400E-ACB7-E2339B74FCF9}"
EndProject
Project("{FAE04EC0-301F-11D3-BF4B-00C04F79EFBC}") = "WowPacketParserModule.V1_13_2_31446", "WowPacketParser\WowPacketParserModule.V1_13_2_31446\WowPacketParserModule.V1_13_2_31446.csproj", "{733875B9-E2B9-4EF5-8B5C-B8E98AF25975}"
EndProject
Project("{FAE04EC0-301F-11D3-BF4B-00C04F79EFBC}") = "WowPacketParserModule.V2_4_3_8606", "WowPacketParser\WowPacketParserModule.V2_4_3_8606\WowPacketParserModule.V2_4_3_8606.csproj", "{A072A641-D60D-4765-B8BD-F00F727B4F89}"
EndProject
Project("{FAE04EC0-301F-11D3-BF4B-00C04F79EFBC}") = "WowPacketParserModule.V4_3_4_15595", "WowPacketParser\WowPacketParserModule.V4_3_4_15595\WowPacketParserModule.V4_3_4_15595.csproj", "{0330F689-A57E-4609-8F95-E766C0B8FFEC}"
EndProject
Project("{FAE04EC0-301F-11D3-BF4B-00C04F79EFBC}") = "WowPacketParserModule.V5_3_0_16981", "WowPacketParser\WowPacketParserModule.V5_3_0_16981\WowPacketParserModule.V5_3_0_16981.csproj", "{AA0F45A4-467B-41AF-AA00-843D013E0156}"
EndProject
Project("{FAE04EC0-301F-11D3-BF4B-00C04F79EFBC}") = "WowPacketParserModule.V5_4_0_17359", "WowPacketParser\WowPacketParserModule.V5_4_0_17359\WowPacketParserModule.V5_4_0_17359.csproj", "{8C9313FD-A37C-45A2-9003-E84747E36188}"
EndProject
Project("{FAE04EC0-301F-11D3-BF4B-00C04F79EFBC}") = "WowPacketParserModule.V5_4_1_17538", "WowPacketParser\WowPacketParserModule.V5_4_1_17538\WowPacketParserModule.V5_4_1_17538.csproj", "{F12A19FD-BCA3-426D-A4DA-7DE75EB9E39E}"
EndProject
Project("{FAE04EC0-301F-11D3-BF4B-00C04F79EFBC}") = "WowPacketParserModule.V5_4_2_17658", "WowPacketParser\WowPacketParserModule.V5_4_2_17658\WowPacketParserModule.V5_4_2_17658.csproj", "{34CB52B4-2CB9-4E44-AF77-9F12C546775F}"
EndProject
Project("{FAE04EC0-301F-11D3-BF4B-00C04F79EFBC}") = "WowPacketParserModule.V5_4_7_17898", "WowPacketParser\WowPacketParserModule.V5_4_7_17898\WowPacketParserModule.V5_4_7_17898.csproj", "{39A20758-BC18-4925-B22C-C16CF8943131}"
EndProject
Project("{FAE04EC0-301F-11D3-BF4B-00C04F79EFBC}") = "WowPacketParserModule.V5_4_8_18291", "WowPacketParser\WowPacketParserModule.V5_4_8_18291\WowPacketParserModule.V5_4_8_18291.csproj", "{FB301202-68DD-4048-8734-C82E6FF42302}"
EndProject
Project("{FAE04EC0-301F-11D3-BF4B-00C04F79EFBC}") = "WowPacketParserModule.V6_0_2_19033", "WowPacketParser\WowPacketParserModule.V6_0_2_19033\WowPacketParserModule.V6_0_2_19033.csproj", "{24D556A8-025D-4031-AB19-B87815750190}"
EndProject
Project("{FAE04EC0-301F-11D3-BF4B-00C04F79EFBC}") = "WowPacketParserModule.V7_0_3_22248", "WowPacketParser\WowPacketParserModule.V7_0_3_22248\WowPacketParserModule.V7_0_3_22248.csproj", "{315B1ACB-A34C-4541-A547-E6701688874A}"
EndProject
Project("{FAE04EC0-301F-11D3-BF4B-00C04F79EFBC}") = "WowPacketParserModule.V8_0_1_27101", "WowPacketParser\WowPacketParserModule.V8_0_1_27101\WowPacketParserModule.V8_0_1_27101.csproj", "{2FD96AE7-74EA-4608-8071-CAFE6948FB6D}"
EndProject
Project("{FAE04EC0-301F-11D3-BF4B-00C04F79EFBC}") = "WowPacketParserModule.V9_0_1_36216", "WowPacketParser\WowPacketParserModule.V9_0_1_36216\WowPacketParserModule.V9_0_1_36216.csproj", "{0A932EF2-830E-4409-AE4F-78A9C110E21F}"
EndProject
Project("{FAE04EC0-301F-11D3-BF4B-00C04F79EFBC}") = "WowPacketParser.Proto", "WowPacketParser\WowPacketParser.Proto\WowPacketParser.Proto.csproj", "{0643A92F-D13C-493C-AE87-37EE67B17EF6}"
EndProject
Global
	GlobalSection(SolutionConfigurationPlatforms) = preSolution
		Debug|Any CPU = Debug|Any CPU
		Release|Any CPU = Release|Any CPU
		DebugAvalonia|Any CPU = DebugAvalonia|Any CPU
	EndGlobalSection
	GlobalSection(ProjectConfigurationPlatforms) = postSolution
		{99C9E82C-C594-446D-AA59-8FFBC43AD226}.Debug|Any CPU.ActiveCfg = Debug|Any CPU
		{99C9E82C-C594-446D-AA59-8FFBC43AD226}.Debug|Any CPU.Build.0 = Debug|Any CPU
		{99C9E82C-C594-446D-AA59-8FFBC43AD226}.Release|Any CPU.ActiveCfg = Release|Any CPU
		{99C9E82C-C594-446D-AA59-8FFBC43AD226}.Release|Any CPU.Build.0 = Release|Any CPU
		{99C9E82C-C594-446D-AA59-8FFBC43AD226}.DebugAvalonia|Any CPU.ActiveCfg = DebugAvalonia|Any CPU
		{99C9E82C-C594-446D-AA59-8FFBC43AD226}.DebugAvalonia|Any CPU.Build.0 = DebugAvalonia|Any CPU
		{B060C7F1-97B0-4A26-B7A8-E47C9AF08D07}.Debug|Any CPU.ActiveCfg = Debug|Any CPU
		{B060C7F1-97B0-4A26-B7A8-E47C9AF08D07}.Debug|Any CPU.Build.0 = Debug|Any CPU
		{B060C7F1-97B0-4A26-B7A8-E47C9AF08D07}.Release|Any CPU.ActiveCfg = Release|Any CPU
		{B060C7F1-97B0-4A26-B7A8-E47C9AF08D07}.Release|Any CPU.Build.0 = Release|Any CPU
		{B060C7F1-97B0-4A26-B7A8-E47C9AF08D07}.DebugAvalonia|Any CPU.ActiveCfg = DebugAvalonia|Any CPU
		{B060C7F1-97B0-4A26-B7A8-E47C9AF08D07}.DebugAvalonia|Any CPU.Build.0 = DebugAvalonia|Any CPU
		{9D1A4E14-2FE1-403A-A042-ED7E49DB0438}.Debug|Any CPU.ActiveCfg = Debug|Any CPU
		{9D1A4E14-2FE1-403A-A042-ED7E49DB0438}.Debug|Any CPU.Build.0 = Debug|Any CPU
		{9D1A4E14-2FE1-403A-A042-ED7E49DB0438}.Release|Any CPU.ActiveCfg = Release|Any CPU
		{9D1A4E14-2FE1-403A-A042-ED7E49DB0438}.Release|Any CPU.Build.0 = Release|Any CPU
		{9D1A4E14-2FE1-403A-A042-ED7E49DB0438}.DebugAvalonia|Any CPU.ActiveCfg = DebugAvalonia|Any CPU
		{9D1A4E14-2FE1-403A-A042-ED7E49DB0438}.DebugAvalonia|Any CPU.Build.0 = DebugAvalonia|Any CPU
		{ACD1C8BC-B91A-40E8-865D-D6826758E7CC}.Debug|Any CPU.ActiveCfg = Debug|Any CPU
		{ACD1C8BC-B91A-40E8-865D-D6826758E7CC}.Debug|Any CPU.Build.0 = Debug|Any CPU
		{ACD1C8BC-B91A-40E8-865D-D6826758E7CC}.Release|Any CPU.ActiveCfg = Release|Any CPU
		{ACD1C8BC-B91A-40E8-865D-D6826758E7CC}.Release|Any CPU.Build.0 = Release|Any CPU
		{ACD1C8BC-B91A-40E8-865D-D6826758E7CC}.DebugAvalonia|Any CPU.ActiveCfg = DebugAvalonia|Any CPU
		{ACD1C8BC-B91A-40E8-865D-D6826758E7CC}.DebugAvalonia|Any CPU.Build.0 = DebugAvalonia|Any CPU
		{3CD1E251-D9BF-4061-A8D5-4AC65106C896}.Debug|Any CPU.ActiveCfg = Debug|Any CPU
		{3CD1E251-D9BF-4061-A8D5-4AC65106C896}.Debug|Any CPU.Build.0 = Debug|Any CPU
		{3CD1E251-D9BF-4061-A8D5-4AC65106C896}.Release|Any CPU.ActiveCfg = Release|Any CPU
		{3CD1E251-D9BF-4061-A8D5-4AC65106C896}.Release|Any CPU.Build.0 = Release|Any CPU
		{3CD1E251-D9BF-4061-A8D5-4AC65106C896}.DebugAvalonia|Any CPU.ActiveCfg = DebugAvalonia|Any CPU
		{3CD1E251-D9BF-4061-A8D5-4AC65106C896}.DebugAvalonia|Any CPU.Build.0 = DebugAvalonia|Any CPU
		{A6109F89-0148-4C39-8631-206FFEFBA055}.Debug|Any CPU.ActiveCfg = Debug|Any CPU
		{A6109F89-0148-4C39-8631-206FFEFBA055}.Debug|Any CPU.Build.0 = Debug|Any CPU
		{A6109F89-0148-4C39-8631-206FFEFBA055}.Release|Any CPU.ActiveCfg = Release|Any CPU
		{A6109F89-0148-4C39-8631-206FFEFBA055}.Release|Any CPU.Build.0 = Release|Any CPU
		{A6109F89-0148-4C39-8631-206FFEFBA055}.DebugAvalonia|Any CPU.ActiveCfg = DebugAvalonia|Any CPU
		{A6109F89-0148-4C39-8631-206FFEFBA055}.DebugAvalonia|Any CPU.Build.0 = DebugAvalonia|Any CPU
		{BC7E0845-C750-4DAF-8869-9170211465E6}.Debug|Any CPU.ActiveCfg = Debug|Any CPU
		{BC7E0845-C750-4DAF-8869-9170211465E6}.Debug|Any CPU.Build.0 = Debug|Any CPU
		{BC7E0845-C750-4DAF-8869-9170211465E6}.Release|Any CPU.ActiveCfg = Release|Any CPU
		{BC7E0845-C750-4DAF-8869-9170211465E6}.Release|Any CPU.Build.0 = Release|Any CPU
		{BC7E0845-C750-4DAF-8869-9170211465E6}.DebugAvalonia|Any CPU.ActiveCfg = DebugAvalonia|Any CPU
		{BC7E0845-C750-4DAF-8869-9170211465E6}.DebugAvalonia|Any CPU.Build.0 = DebugAvalonia|Any CPU
		{7E0DE187-A45C-406B-AAAE-608F40237CE6}.Debug|Any CPU.ActiveCfg = Debug|Any CPU
		{7E0DE187-A45C-406B-AAAE-608F40237CE6}.Debug|Any CPU.Build.0 = Debug|Any CPU
		{7E0DE187-A45C-406B-AAAE-608F40237CE6}.Release|Any CPU.ActiveCfg = Release|Any CPU
		{7E0DE187-A45C-406B-AAAE-608F40237CE6}.Release|Any CPU.Build.0 = Release|Any CPU
		{7E0DE187-A45C-406B-AAAE-608F40237CE6}.DebugAvalonia|Any CPU.ActiveCfg = DebugAvalonia|Any CPU
		{7E0DE187-A45C-406B-AAAE-608F40237CE6}.DebugAvalonia|Any CPU.Build.0 = DebugAvalonia|Any CPU
		{C6BE1E01-CF2F-4FE5-A67C-AC783EB9D3F7}.Debug|Any CPU.ActiveCfg = Debug|Any CPU
		{C6BE1E01-CF2F-4FE5-A67C-AC783EB9D3F7}.Debug|Any CPU.Build.0 = Debug|Any CPU
		{C6BE1E01-CF2F-4FE5-A67C-AC783EB9D3F7}.Release|Any CPU.ActiveCfg = Release|Any CPU
		{C6BE1E01-CF2F-4FE5-A67C-AC783EB9D3F7}.Release|Any CPU.Build.0 = Release|Any CPU
		{C6BE1E01-CF2F-4FE5-A67C-AC783EB9D3F7}.DebugAvalonia|Any CPU.ActiveCfg = DebugAvalonia|Any CPU
		{C6BE1E01-CF2F-4FE5-A67C-AC783EB9D3F7}.DebugAvalonia|Any CPU.Build.0 = DebugAvalonia|Any CPU
		{4A11961B-85AD-464E-B881-C90F8CAC5647}.Debug|Any CPU.ActiveCfg = Debug|Any CPU
		{4A11961B-85AD-464E-B881-C90F8CAC5647}.Debug|Any CPU.Build.0 = Debug|Any CPU
		{4A11961B-85AD-464E-B881-C90F8CAC5647}.Release|Any CPU.ActiveCfg = Release|Any CPU
		{4A11961B-85AD-464E-B881-C90F8CAC5647}.Release|Any CPU.Build.0 = Release|Any CPU
		{4A11961B-85AD-464E-B881-C90F8CAC5647}.DebugAvalonia|Any CPU.ActiveCfg = DebugAvalonia|Any CPU
		{99F6C079-A4C1-4167-992C-B02EBAA70219}.Debug|Any CPU.ActiveCfg = Debug|Any CPU
		{99F6C079-A4C1-4167-992C-B02EBAA70219}.Debug|Any CPU.Build.0 = Debug|Any CPU
		{99F6C079-A4C1-4167-992C-B02EBAA70219}.Release|Any CPU.ActiveCfg = Release|Any CPU
		{99F6C079-A4C1-4167-992C-B02EBAA70219}.Release|Any CPU.Build.0 = Release|Any CPU
		{99F6C079-A4C1-4167-992C-B02EBAA70219}.DebugAvalonia|Any CPU.ActiveCfg = DebugAvalonia|Any CPU
		{F9373E23-7E19-44D2-8EC9-E638ED1243AA}.Debug|Any CPU.ActiveCfg = Debug|Any CPU
		{F9373E23-7E19-44D2-8EC9-E638ED1243AA}.Debug|Any CPU.Build.0 = Debug|Any CPU
		{F9373E23-7E19-44D2-8EC9-E638ED1243AA}.Release|Any CPU.ActiveCfg = Release|Any CPU
		{F9373E23-7E19-44D2-8EC9-E638ED1243AA}.Release|Any CPU.Build.0 = Release|Any CPU
		{F9373E23-7E19-44D2-8EC9-E638ED1243AA}.DebugAvalonia|Any CPU.ActiveCfg = DebugAvalonia|Any CPU
		{8F5E8C3A-422A-47C6-AFC3-4A62997E5D27}.Debug|Any CPU.ActiveCfg = Debug|Any CPU
		{8F5E8C3A-422A-47C6-AFC3-4A62997E5D27}.Debug|Any CPU.Build.0 = Debug|Any CPU
		{8F5E8C3A-422A-47C6-AFC3-4A62997E5D27}.Release|Any CPU.ActiveCfg = Release|Any CPU
		{8F5E8C3A-422A-47C6-AFC3-4A62997E5D27}.Release|Any CPU.Build.0 = Release|Any CPU
		{8F5E8C3A-422A-47C6-AFC3-4A62997E5D27}.DebugAvalonia|Any CPU.ActiveCfg = DebugAvalonia|Any CPU
		{11BFD551-37B0-45A1-9890-CB5481B64E7E}.Debug|Any CPU.ActiveCfg = Debug|Any CPU
		{11BFD551-37B0-45A1-9890-CB5481B64E7E}.Debug|Any CPU.Build.0 = Debug|Any CPU
		{11BFD551-37B0-45A1-9890-CB5481B64E7E}.Release|Any CPU.ActiveCfg = Release|Any CPU
		{11BFD551-37B0-45A1-9890-CB5481B64E7E}.Release|Any CPU.Build.0 = Release|Any CPU
		{11BFD551-37B0-45A1-9890-CB5481B64E7E}.DebugAvalonia|Any CPU.ActiveCfg = DebugAvalonia|Any CPU
		{A55A533C-AE21-44BB-867B-1AD5BFFCCCBA}.Debug|Any CPU.ActiveCfg = Debug|Any CPU
		{A55A533C-AE21-44BB-867B-1AD5BFFCCCBA}.Debug|Any CPU.Build.0 = Debug|Any CPU
		{A55A533C-AE21-44BB-867B-1AD5BFFCCCBA}.Release|Any CPU.ActiveCfg = Release|Any CPU
		{A55A533C-AE21-44BB-867B-1AD5BFFCCCBA}.Release|Any CPU.Build.0 = Release|Any CPU
		{A55A533C-AE21-44BB-867B-1AD5BFFCCCBA}.DebugAvalonia|Any CPU.ActiveCfg = DebugAvalonia|Any CPU
		{A55A533C-AE21-44BB-867B-1AD5BFFCCCBA}.DebugAvalonia|Any CPU.Build.0 = DebugAvalonia|Any CPU
		{0913A384-D1CD-4531-8077-E53C2B15C193}.Debug|Any CPU.ActiveCfg = Debug|Any CPU
		{0913A384-D1CD-4531-8077-E53C2B15C193}.Debug|Any CPU.Build.0 = Debug|Any CPU
		{0913A384-D1CD-4531-8077-E53C2B15C193}.Release|Any CPU.ActiveCfg = Release|Any CPU
		{0913A384-D1CD-4531-8077-E53C2B15C193}.Release|Any CPU.Build.0 = Release|Any CPU
		{0913A384-D1CD-4531-8077-E53C2B15C193}.DebugAvalonia|Any CPU.ActiveCfg = DebugAvalonia|Any CPU
		{0913A384-D1CD-4531-8077-E53C2B15C193}.DebugAvalonia|Any CPU.Build.0 = DebugAvalonia|Any CPU
		{978E01E8-6BCF-4866-9567-301E7B6E6988}.Debug|Any CPU.ActiveCfg = Debug|Any CPU
		{978E01E8-6BCF-4866-9567-301E7B6E6988}.Debug|Any CPU.Build.0 = Debug|Any CPU
		{978E01E8-6BCF-4866-9567-301E7B6E6988}.Release|Any CPU.ActiveCfg = Release|Any CPU
		{978E01E8-6BCF-4866-9567-301E7B6E6988}.Release|Any CPU.Build.0 = Release|Any CPU
		{978E01E8-6BCF-4866-9567-301E7B6E6988}.DebugAvalonia|Any CPU.ActiveCfg = DebugAvalonia|Any CPU
		{978E01E8-6BCF-4866-9567-301E7B6E6988}.DebugAvalonia|Any CPU.Build.0 = DebugAvalonia|Any CPU
		{AD615AB8-1CE6-474F-BC6C-8BF0D0C7AFBF}.Debug|Any CPU.ActiveCfg = Debug|Any CPU
		{AD615AB8-1CE6-474F-BC6C-8BF0D0C7AFBF}.Debug|Any CPU.Build.0 = Debug|Any CPU
		{AD615AB8-1CE6-474F-BC6C-8BF0D0C7AFBF}.Release|Any CPU.ActiveCfg = Release|Any CPU
		{AD615AB8-1CE6-474F-BC6C-8BF0D0C7AFBF}.Release|Any CPU.Build.0 = Release|Any CPU
		{AD615AB8-1CE6-474F-BC6C-8BF0D0C7AFBF}.DebugAvalonia|Any CPU.ActiveCfg = DebugAvalonia|Any CPU
		{AD615AB8-1CE6-474F-BC6C-8BF0D0C7AFBF}.DebugAvalonia|Any CPU.Build.0 = DebugAvalonia|Any CPU
		{4A5E9E2A-DBC9-4290-ACEB-B108FA458F0E}.Debug|Any CPU.ActiveCfg = Debug|Any CPU
		{4A5E9E2A-DBC9-4290-ACEB-B108FA458F0E}.Debug|Any CPU.Build.0 = Debug|Any CPU
		{4A5E9E2A-DBC9-4290-ACEB-B108FA458F0E}.Release|Any CPU.ActiveCfg = Release|Any CPU
		{4A5E9E2A-DBC9-4290-ACEB-B108FA458F0E}.Release|Any CPU.Build.0 = Release|Any CPU
		{4A5E9E2A-DBC9-4290-ACEB-B108FA458F0E}.DebugAvalonia|Any CPU.ActiveCfg = DebugAvalonia|Any CPU
		{4A5E9E2A-DBC9-4290-ACEB-B108FA458F0E}.DebugAvalonia|Any CPU.Build.0 = DebugAvalonia|Any CPU
		{5C512B55-B4CA-4DE6-A3DC-A1500F94AE00}.Debug|Any CPU.ActiveCfg = Debug|Any CPU
		{5C512B55-B4CA-4DE6-A3DC-A1500F94AE00}.Debug|Any CPU.Build.0 = Debug|Any CPU
		{5C512B55-B4CA-4DE6-A3DC-A1500F94AE00}.Release|Any CPU.ActiveCfg = Release|Any CPU
		{5C512B55-B4CA-4DE6-A3DC-A1500F94AE00}.Release|Any CPU.Build.0 = Release|Any CPU
		{5C512B55-B4CA-4DE6-A3DC-A1500F94AE00}.DebugAvalonia|Any CPU.ActiveCfg = DebugAvalonia|Any CPU
		{60AB9143-F815-4240-9316-B0CBC8AE457A}.Debug|Any CPU.ActiveCfg = Debug|Any CPU
		{60AB9143-F815-4240-9316-B0CBC8AE457A}.Debug|Any CPU.Build.0 = Debug|Any CPU
		{60AB9143-F815-4240-9316-B0CBC8AE457A}.Release|Any CPU.ActiveCfg = Release|Any CPU
		{60AB9143-F815-4240-9316-B0CBC8AE457A}.Release|Any CPU.Build.0 = Release|Any CPU
		{60AB9143-F815-4240-9316-B0CBC8AE457A}.DebugAvalonia|Any CPU.ActiveCfg = DebugAvalonia|Any CPU
		{CF05DD30-40F3-435E-BA74-6A4D088483C4}.Debug|Any CPU.ActiveCfg = Debug|Any CPU
		{CF05DD30-40F3-435E-BA74-6A4D088483C4}.Debug|Any CPU.Build.0 = Debug|Any CPU
		{CF05DD30-40F3-435E-BA74-6A4D088483C4}.Release|Any CPU.ActiveCfg = Release|Any CPU
		{CF05DD30-40F3-435E-BA74-6A4D088483C4}.Release|Any CPU.Build.0 = Release|Any CPU
		{CF05DD30-40F3-435E-BA74-6A4D088483C4}.DebugAvalonia|Any CPU.ActiveCfg = DebugAvalonia|Any CPU
		{F2CE4D59-594F-4DE5-8B2C-2FD605F808E8}.Debug|Any CPU.ActiveCfg = Debug|Any CPU
		{F2CE4D59-594F-4DE5-8B2C-2FD605F808E8}.Debug|Any CPU.Build.0 = Debug|Any CPU
		{F2CE4D59-594F-4DE5-8B2C-2FD605F808E8}.Release|Any CPU.ActiveCfg = Release|Any CPU
		{F2CE4D59-594F-4DE5-8B2C-2FD605F808E8}.Release|Any CPU.Build.0 = Release|Any CPU
		{F2CE4D59-594F-4DE5-8B2C-2FD605F808E8}.DebugAvalonia|Any CPU.ActiveCfg = DebugAvalonia|Any CPU
		{D38826BA-F862-4895-80DB-32CB5821ED67}.Debug|Any CPU.ActiveCfg = Debug|Any CPU
		{D38826BA-F862-4895-80DB-32CB5821ED67}.Release|Any CPU.ActiveCfg = Release|Any CPU
		{D38826BA-F862-4895-80DB-32CB5821ED67}.DebugAvalonia|Any CPU.ActiveCfg = DebugAvalonia|Any CPU
		{D38826BA-F862-4895-80DB-32CB5821ED67}.DebugAvalonia|Any CPU.Build.0 = DebugAvalonia|Any CPU
		{7ACFACDD-9DE8-4DF3-B283-171639FD9E1E}.Debug|Any CPU.ActiveCfg = Debug|Any CPU
		{7ACFACDD-9DE8-4DF3-B283-171639FD9E1E}.Release|Any CPU.ActiveCfg = Release|Any CPU
		{7ACFACDD-9DE8-4DF3-B283-171639FD9E1E}.DebugAvalonia|Any CPU.ActiveCfg = DebugAvalonia|Any CPU
		{7ACFACDD-9DE8-4DF3-B283-171639FD9E1E}.DebugAvalonia|Any CPU.Build.0 = DebugAvalonia|Any CPU
		{5647D3F5-EDF9-4D44-AAB9-678B31D57E6C}.Debug|Any CPU.ActiveCfg = Debug|Any CPU
		{5647D3F5-EDF9-4D44-AAB9-678B31D57E6C}.Release|Any CPU.ActiveCfg = Release|Any CPU
		{5647D3F5-EDF9-4D44-AAB9-678B31D57E6C}.DebugAvalonia|Any CPU.ActiveCfg = DebugAvalonia|Any CPU
		{5647D3F5-EDF9-4D44-AAB9-678B31D57E6C}.DebugAvalonia|Any CPU.Build.0 = DebugAvalonia|Any CPU
		{72A03A5C-F3AE-4DE6-97AF-A686C70BC78A}.Debug|Any CPU.ActiveCfg = Debug|Any CPU
		{72A03A5C-F3AE-4DE6-97AF-A686C70BC78A}.Debug|Any CPU.Build.0 = Debug|Any CPU
		{72A03A5C-F3AE-4DE6-97AF-A686C70BC78A}.Release|Any CPU.ActiveCfg = Release|Any CPU
		{72A03A5C-F3AE-4DE6-97AF-A686C70BC78A}.Release|Any CPU.Build.0 = Release|Any CPU
		{72A03A5C-F3AE-4DE6-97AF-A686C70BC78A}.DebugAvalonia|Any CPU.ActiveCfg = DebugAvalonia|Any CPU
		{480A1F45-1C08-45AA-9268-CEC3468D7570}.Debug|Any CPU.ActiveCfg = Debug|Any CPU
		{480A1F45-1C08-45AA-9268-CEC3468D7570}.Release|Any CPU.ActiveCfg = Release|Any CPU
		{480A1F45-1C08-45AA-9268-CEC3468D7570}.DebugAvalonia|Any CPU.ActiveCfg = DebugAvalonia|Any CPU
		{480A1F45-1C08-45AA-9268-CEC3468D7570}.DebugAvalonia|Any CPU.Build.0 = DebugAvalonia|Any CPU
		{F6EB59E0-BAC4-49B9-81D3-D16D4E8A0FB6}.Debug|Any CPU.ActiveCfg = Debug|Any CPU
		{F6EB59E0-BAC4-49B9-81D3-D16D4E8A0FB6}.Debug|Any CPU.Build.0 = Debug|Any CPU
		{F6EB59E0-BAC4-49B9-81D3-D16D4E8A0FB6}.Release|Any CPU.ActiveCfg = Release|Any CPU
		{F6EB59E0-BAC4-49B9-81D3-D16D4E8A0FB6}.Release|Any CPU.Build.0 = Release|Any CPU
		{F6EB59E0-BAC4-49B9-81D3-D16D4E8A0FB6}.DebugAvalonia|Any CPU.ActiveCfg = DebugAvalonia|Any CPU
		{F6EB59E0-BAC4-49B9-81D3-D16D4E8A0FB6}.DebugAvalonia|Any CPU.Build.0 = DebugAvalonia|Any CPU
		{8B25EEAE-2DDD-4D62-A426-619FE21D2711}.Debug|Any CPU.ActiveCfg = Debug|Any CPU
		{8B25EEAE-2DDD-4D62-A426-619FE21D2711}.Release|Any CPU.ActiveCfg = Release|Any CPU
		{8B25EEAE-2DDD-4D62-A426-619FE21D2711}.Release|Any CPU.Build.0 = Release|Any CPU
		{8B25EEAE-2DDD-4D62-A426-619FE21D2711}.DebugAvalonia|Any CPU.ActiveCfg = DebugAvalonia|Any CPU
		{8B25EEAE-2DDD-4D62-A426-619FE21D2711}.DebugAvalonia|Any CPU.Build.0 = DebugAvalonia|Any CPU
		{6553F34E-9271-4EA7-BABE-35294CE0A8BA}.Debug|Any CPU.ActiveCfg = Debug|Any CPU
		{6553F34E-9271-4EA7-BABE-35294CE0A8BA}.Debug|Any CPU.Build.0 = Debug|Any CPU
		{6553F34E-9271-4EA7-BABE-35294CE0A8BA}.Release|Any CPU.ActiveCfg = Release|Any CPU
		{6553F34E-9271-4EA7-BABE-35294CE0A8BA}.Release|Any CPU.Build.0 = Release|Any CPU
		{6553F34E-9271-4EA7-BABE-35294CE0A8BA}.DebugAvalonia|Any CPU.ActiveCfg = Debug|Any CPU
		{1879936C-7EB8-4A2F-9791-4EF49ED2B6B5}.Debug|Any CPU.ActiveCfg = Debug|Any CPU
		{1879936C-7EB8-4A2F-9791-4EF49ED2B6B5}.Debug|Any CPU.Build.0 = Debug|Any CPU
		{1879936C-7EB8-4A2F-9791-4EF49ED2B6B5}.Release|Any CPU.ActiveCfg = Release|Any CPU
		{1879936C-7EB8-4A2F-9791-4EF49ED2B6B5}.Release|Any CPU.Build.0 = Release|Any CPU
		{1879936C-7EB8-4A2F-9791-4EF49ED2B6B5}.DebugAvalonia|Any CPU.ActiveCfg = DebugAvalonia|Any CPU
		{1879936C-7EB8-4A2F-9791-4EF49ED2B6B5}.DebugAvalonia|Any CPU.Build.0 = DebugAvalonia|Any CPU
		{67F88BE5-EEB2-409B-8331-ACC7ABFF46F7}.Debug|Any CPU.ActiveCfg = Debug|Any CPU
		{67F88BE5-EEB2-409B-8331-ACC7ABFF46F7}.Debug|Any CPU.Build.0 = Debug|Any CPU
		{67F88BE5-EEB2-409B-8331-ACC7ABFF46F7}.Release|Any CPU.ActiveCfg = Release|Any CPU
		{67F88BE5-EEB2-409B-8331-ACC7ABFF46F7}.Release|Any CPU.Build.0 = Release|Any CPU
		{67F88BE5-EEB2-409B-8331-ACC7ABFF46F7}.DebugAvalonia|Any CPU.ActiveCfg = DebugAvalonia|Any CPU
		{4A78EB3A-3B3E-41D3-809A-60FD1EF4F801}.Debug|Any CPU.ActiveCfg = Debug|Any CPU
		{4A78EB3A-3B3E-41D3-809A-60FD1EF4F801}.Debug|Any CPU.Build.0 = Debug|Any CPU
		{4A78EB3A-3B3E-41D3-809A-60FD1EF4F801}.Release|Any CPU.ActiveCfg = Release|Any CPU
		{4A78EB3A-3B3E-41D3-809A-60FD1EF4F801}.Release|Any CPU.Build.0 = Release|Any CPU
		{4A78EB3A-3B3E-41D3-809A-60FD1EF4F801}.DebugAvalonia|Any CPU.ActiveCfg = DebugAvalonia|Any CPU
		{4A78EB3A-3B3E-41D3-809A-60FD1EF4F801}.DebugAvalonia|Any CPU.Build.0 = DebugAvalonia|Any CPU
		{C238232F-57F1-465D-A251-578224F8EA25}.Debug|Any CPU.ActiveCfg = Debug|Any CPU
		{C238232F-57F1-465D-A251-578224F8EA25}.Debug|Any CPU.Build.0 = Debug|Any CPU
		{C238232F-57F1-465D-A251-578224F8EA25}.Release|Any CPU.ActiveCfg = Release|Any CPU
		{C238232F-57F1-465D-A251-578224F8EA25}.Release|Any CPU.Build.0 = Release|Any CPU
		{C238232F-57F1-465D-A251-578224F8EA25}.DebugAvalonia|Any CPU.ActiveCfg = DebugAvalonia|Any CPU
		{C238232F-57F1-465D-A251-578224F8EA25}.DebugAvalonia|Any CPU.Build.0 = DebugAvalonia|Any CPU
		{A094F0F9-C067-4B66-8FCA-ECA3747C6A4C}.Debug|Any CPU.ActiveCfg = Debug|Any CPU
		{A094F0F9-C067-4B66-8FCA-ECA3747C6A4C}.Debug|Any CPU.Build.0 = Debug|Any CPU
		{A094F0F9-C067-4B66-8FCA-ECA3747C6A4C}.Release|Any CPU.ActiveCfg = Release|Any CPU
		{A094F0F9-C067-4B66-8FCA-ECA3747C6A4C}.Release|Any CPU.Build.0 = Release|Any CPU
		{A094F0F9-C067-4B66-8FCA-ECA3747C6A4C}.DebugAvalonia|Any CPU.ActiveCfg = DebugAvalonia|Any CPU
		{A094F0F9-C067-4B66-8FCA-ECA3747C6A4C}.DebugAvalonia|Any CPU.Build.0 = DebugAvalonia|Any CPU
		{DE7953F1-6155-44F0-86D3-1DCD0A9FE5DC}.Debug|Any CPU.ActiveCfg = Debug|Any CPU
		{DE7953F1-6155-44F0-86D3-1DCD0A9FE5DC}.Debug|Any CPU.Build.0 = Debug|Any CPU
		{DE7953F1-6155-44F0-86D3-1DCD0A9FE5DC}.Release|Any CPU.ActiveCfg = Release|Any CPU
		{DE7953F1-6155-44F0-86D3-1DCD0A9FE5DC}.Release|Any CPU.Build.0 = Release|Any CPU
		{DE7953F1-6155-44F0-86D3-1DCD0A9FE5DC}.DebugAvalonia|Any CPU.ActiveCfg = Debug|Any CPU
		{DE7953F1-6155-44F0-86D3-1DCD0A9FE5DC}.DebugAvalonia|Any CPU.Build.0 = Debug|Any CPU
		{FF98ED22-0FFC-4C53-8946-437F5B84441F}.Debug|Any CPU.ActiveCfg = Debug|Any CPU
		{FF98ED22-0FFC-4C53-8946-437F5B84441F}.Debug|Any CPU.Build.0 = Debug|Any CPU
		{FF98ED22-0FFC-4C53-8946-437F5B84441F}.Release|Any CPU.ActiveCfg = Release|Any CPU
		{FF98ED22-0FFC-4C53-8946-437F5B84441F}.Release|Any CPU.Build.0 = Release|Any CPU
		{FF98ED22-0FFC-4C53-8946-437F5B84441F}.DebugAvalonia|Any CPU.ActiveCfg = DebugAvalonia|Any CPU
		{FF98ED22-0FFC-4C53-8946-437F5B84441F}.DebugAvalonia|Any CPU.Build.0 = DebugAvalonia|Any CPU
		{506C7413-6FD7-472C-99AA-A0580B4D2E3B}.Debug|Any CPU.ActiveCfg = Debug|Any CPU
		{506C7413-6FD7-472C-99AA-A0580B4D2E3B}.Debug|Any CPU.Build.0 = Debug|Any CPU
		{506C7413-6FD7-472C-99AA-A0580B4D2E3B}.Release|Any CPU.ActiveCfg = Release|Any CPU
		{506C7413-6FD7-472C-99AA-A0580B4D2E3B}.Release|Any CPU.Build.0 = Release|Any CPU
		{506C7413-6FD7-472C-99AA-A0580B4D2E3B}.DebugAvalonia|Any CPU.ActiveCfg = DebugAvalonia|Any CPU
		{506C7413-6FD7-472C-99AA-A0580B4D2E3B}.DebugAvalonia|Any CPU.Build.0 = DebugAvalonia|Any CPU
		{F435BC90-7D12-4BDC-B337-F83A26EB77FD}.Debug|Any CPU.ActiveCfg = Debug|Any CPU
		{F435BC90-7D12-4BDC-B337-F83A26EB77FD}.Debug|Any CPU.Build.0 = Debug|Any CPU
		{F435BC90-7D12-4BDC-B337-F83A26EB77FD}.Release|Any CPU.ActiveCfg = Release|Any CPU
		{F435BC90-7D12-4BDC-B337-F83A26EB77FD}.Release|Any CPU.Build.0 = Release|Any CPU
		{F435BC90-7D12-4BDC-B337-F83A26EB77FD}.DebugAvalonia|Any CPU.ActiveCfg = Debug|Any CPU
		{F435BC90-7D12-4BDC-B337-F83A26EB77FD}.DebugAvalonia|Any CPU.Build.0 = Debug|Any CPU
		{80EDB0DB-C085-4AAD-BF82-EACC1EB30F44}.Debug|Any CPU.ActiveCfg = Debug|Any CPU
		{80EDB0DB-C085-4AAD-BF82-EACC1EB30F44}.Debug|Any CPU.Build.0 = Debug|Any CPU
		{80EDB0DB-C085-4AAD-BF82-EACC1EB30F44}.Release|Any CPU.ActiveCfg = Release|Any CPU
		{80EDB0DB-C085-4AAD-BF82-EACC1EB30F44}.Release|Any CPU.Build.0 = Release|Any CPU
		{80EDB0DB-C085-4AAD-BF82-EACC1EB30F44}.DebugAvalonia|Any CPU.ActiveCfg = Debug|Any CPU
		{80EDB0DB-C085-4AAD-BF82-EACC1EB30F44}.DebugAvalonia|Any CPU.Build.0 = Debug|Any CPU
		{5395540E-4AA8-4CC2-93E3-FF3AA02C1EB8}.Debug|Any CPU.ActiveCfg = Debug|Any CPU
		{5395540E-4AA8-4CC2-93E3-FF3AA02C1EB8}.Debug|Any CPU.Build.0 = Debug|Any CPU
		{5395540E-4AA8-4CC2-93E3-FF3AA02C1EB8}.Release|Any CPU.ActiveCfg = Release|Any CPU
		{5395540E-4AA8-4CC2-93E3-FF3AA02C1EB8}.Release|Any CPU.Build.0 = Release|Any CPU
		{5395540E-4AA8-4CC2-93E3-FF3AA02C1EB8}.DebugAvalonia|Any CPU.ActiveCfg = Debug|Any CPU
		{5395540E-4AA8-4CC2-93E3-FF3AA02C1EB8}.DebugAvalonia|Any CPU.Build.0 = Debug|Any CPU
		{E78EDD8E-8908-4987-B450-4EB857839A98}.Debug|Any CPU.ActiveCfg = Debug|Any CPU
		{E78EDD8E-8908-4987-B450-4EB857839A98}.Debug|Any CPU.Build.0 = Debug|Any CPU
		{E78EDD8E-8908-4987-B450-4EB857839A98}.Release|Any CPU.ActiveCfg = Release|Any CPU
		{E78EDD8E-8908-4987-B450-4EB857839A98}.Release|Any CPU.Build.0 = Release|Any CPU
		{E78EDD8E-8908-4987-B450-4EB857839A98}.DebugAvalonia|Any CPU.ActiveCfg = DebugAvalonia|Any CPU
		{E78EDD8E-8908-4987-B450-4EB857839A98}.DebugAvalonia|Any CPU.Build.0 = DebugAvalonia|Any CPU
		{0CA0846F-F6F3-4B4B-B0BA-8FF9502F9CEA}.Debug|Any CPU.ActiveCfg = Debug|Any CPU
		{0CA0846F-F6F3-4B4B-B0BA-8FF9502F9CEA}.Debug|Any CPU.Build.0 = Debug|Any CPU
		{0CA0846F-F6F3-4B4B-B0BA-8FF9502F9CEA}.Release|Any CPU.ActiveCfg = Release|Any CPU
		{0CA0846F-F6F3-4B4B-B0BA-8FF9502F9CEA}.Release|Any CPU.Build.0 = Release|Any CPU
		{0CA0846F-F6F3-4B4B-B0BA-8FF9502F9CEA}.DebugAvalonia|Any CPU.ActiveCfg = Release|Any CPU
		{DCD5F40C-139E-4404-8EF0-DC85DD595E44}.Debug|Any CPU.ActiveCfg = Debug|Any CPU
		{DCD5F40C-139E-4404-8EF0-DC85DD595E44}.Release|Any CPU.ActiveCfg = Release|Any CPU
		{DCD5F40C-139E-4404-8EF0-DC85DD595E44}.DebugAvalonia|Any CPU.ActiveCfg = DebugAvalonia|Any CPU
		{DCD5F40C-139E-4404-8EF0-DC85DD595E44}.DebugAvalonia|Any CPU.Build.0 = DebugAvalonia|Any CPU
		{93427DB8-F7A4-43B2-9BCB-AF13544CE1DC}.Debug|Any CPU.ActiveCfg = Debug|Any CPU
		{93427DB8-F7A4-43B2-9BCB-AF13544CE1DC}.Release|Any CPU.ActiveCfg = Release|Any CPU
		{93427DB8-F7A4-43B2-9BCB-AF13544CE1DC}.DebugAvalonia|Any CPU.ActiveCfg = DebugAvalonia|Any CPU
		{93427DB8-F7A4-43B2-9BCB-AF13544CE1DC}.DebugAvalonia|Any CPU.Build.0 = DebugAvalonia|Any CPU
		{AB6F5059-FE3C-4884-B4B8-2E3405CFE9A4}.Debug|Any CPU.ActiveCfg = Debug|Any CPU
		{AB6F5059-FE3C-4884-B4B8-2E3405CFE9A4}.Debug|Any CPU.Build.0 = Debug|Any CPU
		{AB6F5059-FE3C-4884-B4B8-2E3405CFE9A4}.Release|Any CPU.ActiveCfg = Release|Any CPU
		{AB6F5059-FE3C-4884-B4B8-2E3405CFE9A4}.Release|Any CPU.Build.0 = Release|Any CPU
		{AB6F5059-FE3C-4884-B4B8-2E3405CFE9A4}.DebugAvalonia|Any CPU.ActiveCfg = Debug|Any CPU
		{AB6F5059-FE3C-4884-B4B8-2E3405CFE9A4}.DebugAvalonia|Any CPU.Build.0 = Debug|Any CPU
		{728293D2-ADB0-49DF-90ED-194D810363B8}.Debug|Any CPU.ActiveCfg = Debug|Any CPU
		{728293D2-ADB0-49DF-90ED-194D810363B8}.Debug|Any CPU.Build.0 = Debug|Any CPU
		{728293D2-ADB0-49DF-90ED-194D810363B8}.Release|Any CPU.ActiveCfg = Release|Any CPU
		{728293D2-ADB0-49DF-90ED-194D810363B8}.Release|Any CPU.Build.0 = Release|Any CPU
		{728293D2-ADB0-49DF-90ED-194D810363B8}.DebugAvalonia|Any CPU.ActiveCfg = Debug|Any CPU
		{728293D2-ADB0-49DF-90ED-194D810363B8}.DebugAvalonia|Any CPU.Build.0 = Debug|Any CPU
		{7DDB9C5A-AA34-42AB-99E3-1280D1E0311F}.Debug|Any CPU.ActiveCfg = Debug|Any CPU
		{7DDB9C5A-AA34-42AB-99E3-1280D1E0311F}.Debug|Any CPU.Build.0 = Debug|Any CPU
		{7DDB9C5A-AA34-42AB-99E3-1280D1E0311F}.Release|Any CPU.ActiveCfg = Release|Any CPU
		{7DDB9C5A-AA34-42AB-99E3-1280D1E0311F}.Release|Any CPU.Build.0 = Release|Any CPU
		{7DDB9C5A-AA34-42AB-99E3-1280D1E0311F}.DebugAvalonia|Any CPU.ActiveCfg = DebugAvalonia|Any CPU
		{7DDB9C5A-AA34-42AB-99E3-1280D1E0311F}.DebugAvalonia|Any CPU.Build.0 = DebugAvalonia|Any CPU
		{2B3DFEB9-808F-4EC4-B848-3C2533B40B39}.Debug|Any CPU.ActiveCfg = Debug|Any CPU
		{2B3DFEB9-808F-4EC4-B848-3C2533B40B39}.Debug|Any CPU.Build.0 = Debug|Any CPU
		{2B3DFEB9-808F-4EC4-B848-3C2533B40B39}.Release|Any CPU.ActiveCfg = Release|Any CPU
		{2B3DFEB9-808F-4EC4-B848-3C2533B40B39}.Release|Any CPU.Build.0 = Release|Any CPU
		{2B3DFEB9-808F-4EC4-B848-3C2533B40B39}.DebugAvalonia|Any CPU.ActiveCfg = DebugAvalonia|Any CPU
		{2B3DFEB9-808F-4EC4-B848-3C2533B40B39}.DebugAvalonia|Any CPU.Build.0 = DebugAvalonia|Any CPU
		{B0F1E33D-8CD2-4839-8F87-E8835F5F8D0B}.Debug|Any CPU.ActiveCfg = Debug|Any CPU
		{B0F1E33D-8CD2-4839-8F87-E8835F5F8D0B}.Release|Any CPU.ActiveCfg = Release|Any CPU
		{B0F1E33D-8CD2-4839-8F87-E8835F5F8D0B}.DebugAvalonia|Any CPU.ActiveCfg = DebugAvalonia|Any CPU
		{B0F1E33D-8CD2-4839-8F87-E8835F5F8D0B}.DebugAvalonia|Any CPU.Build.0 = DebugAvalonia|Any CPU
		{B421A454-BCA5-4B10-B0BD-BBEB5AAD3294}.Debug|Any CPU.ActiveCfg = Debug|Any CPU
		{B421A454-BCA5-4B10-B0BD-BBEB5AAD3294}.Debug|Any CPU.Build.0 = Debug|Any CPU
		{B421A454-BCA5-4B10-B0BD-BBEB5AAD3294}.Release|Any CPU.ActiveCfg = Release|Any CPU
		{B421A454-BCA5-4B10-B0BD-BBEB5AAD3294}.Release|Any CPU.Build.0 = Release|Any CPU
		{B421A454-BCA5-4B10-B0BD-BBEB5AAD3294}.DebugAvalonia|Any CPU.ActiveCfg = DebugAvalonia|Any CPU
		{B421A454-BCA5-4B10-B0BD-BBEB5AAD3294}.DebugAvalonia|Any CPU.Build.0 = DebugAvalonia|Any CPU
		{34D133BE-D86C-49F7-8536-45E202E1EE7B}.Debug|Any CPU.ActiveCfg = Debug|Any CPU
		{34D133BE-D86C-49F7-8536-45E202E1EE7B}.Release|Any CPU.ActiveCfg = Release|Any CPU
		{34D133BE-D86C-49F7-8536-45E202E1EE7B}.DebugAvalonia|Any CPU.ActiveCfg = DebugAvalonia|Any CPU
		{34D133BE-D86C-49F7-8536-45E202E1EE7B}.DebugAvalonia|Any CPU.Build.0 = DebugAvalonia|Any CPU
		{4EBDE3AD-9831-4F44-9EFB-5DEE51EE6390}.Debug|Any CPU.ActiveCfg = Debug|Any CPU
		{4EBDE3AD-9831-4F44-9EFB-5DEE51EE6390}.DebugAvalonia|Any CPU.ActiveCfg = Debug|Any CPU
		{4EBDE3AD-9831-4F44-9EFB-5DEE51EE6390}.DebugAvalonia|Any CPU.Build.0 = Debug|Any CPU
		{4EBDE3AD-9831-4F44-9EFB-5DEE51EE6390}.Release|Any CPU.ActiveCfg = Release|Any CPU
		{A53E4EF2-5349-4149-AE71-AA7A800E637C}.Debug|Any CPU.ActiveCfg = Debug|Any CPU
		{A53E4EF2-5349-4149-AE71-AA7A800E637C}.DebugAvalonia|Any CPU.ActiveCfg = Debug|Any CPU
		{A53E4EF2-5349-4149-AE71-AA7A800E637C}.DebugAvalonia|Any CPU.Build.0 = Debug|Any CPU
		{A53E4EF2-5349-4149-AE71-AA7A800E637C}.Release|Any CPU.ActiveCfg = Release|Any CPU
		{9C185B8A-052F-4240-9EC3-729496124402}.Debug|Any CPU.ActiveCfg = Debug|Any CPU
		{9C185B8A-052F-4240-9EC3-729496124402}.DebugAvalonia|Any CPU.ActiveCfg = Debug|Any CPU
		{9C185B8A-052F-4240-9EC3-729496124402}.DebugAvalonia|Any CPU.Build.0 = Debug|Any CPU
		{9C185B8A-052F-4240-9EC3-729496124402}.Release|Any CPU.ActiveCfg = Release|Any CPU
		{A0CD6DDC-E2B3-400E-ACB7-E2339B74FCF9}.Debug|Any CPU.ActiveCfg = Debug|Any CPU
		{A0CD6DDC-E2B3-400E-ACB7-E2339B74FCF9}.DebugAvalonia|Any CPU.ActiveCfg = Debug|Any CPU
		{A0CD6DDC-E2B3-400E-ACB7-E2339B74FCF9}.DebugAvalonia|Any CPU.Build.0 = Debug|Any CPU
		{A0CD6DDC-E2B3-400E-ACB7-E2339B74FCF9}.Release|Any CPU.ActiveCfg = Release|Any CPU
		{733875B9-E2B9-4EF5-8B5C-B8E98AF25975}.Debug|Any CPU.ActiveCfg = Debug|Any CPU
		{733875B9-E2B9-4EF5-8B5C-B8E98AF25975}.DebugAvalonia|Any CPU.ActiveCfg = Debug|Any CPU
		{733875B9-E2B9-4EF5-8B5C-B8E98AF25975}.DebugAvalonia|Any CPU.Build.0 = Debug|Any CPU
		{733875B9-E2B9-4EF5-8B5C-B8E98AF25975}.Release|Any CPU.ActiveCfg = Release|Any CPU
		{A072A641-D60D-4765-B8BD-F00F727B4F89}.Debug|Any CPU.ActiveCfg = Debug|Any CPU
		{A072A641-D60D-4765-B8BD-F00F727B4F89}.DebugAvalonia|Any CPU.ActiveCfg = Debug|Any CPU
		{A072A641-D60D-4765-B8BD-F00F727B4F89}.DebugAvalonia|Any CPU.Build.0 = Debug|Any CPU
		{A072A641-D60D-4765-B8BD-F00F727B4F89}.Release|Any CPU.ActiveCfg = Release|Any CPU
		{0330F689-A57E-4609-8F95-E766C0B8FFEC}.Debug|Any CPU.ActiveCfg = Debug|Any CPU
		{0330F689-A57E-4609-8F95-E766C0B8FFEC}.DebugAvalonia|Any CPU.ActiveCfg = Debug|Any CPU
		{0330F689-A57E-4609-8F95-E766C0B8FFEC}.DebugAvalonia|Any CPU.Build.0 = Debug|Any CPU
		{0330F689-A57E-4609-8F95-E766C0B8FFEC}.Release|Any CPU.ActiveCfg = Release|Any CPU
		{AA0F45A4-467B-41AF-AA00-843D013E0156}.Debug|Any CPU.ActiveCfg = Debug|Any CPU
		{AA0F45A4-467B-41AF-AA00-843D013E0156}.DebugAvalonia|Any CPU.ActiveCfg = Debug|Any CPU
		{AA0F45A4-467B-41AF-AA00-843D013E0156}.DebugAvalonia|Any CPU.Build.0 = Debug|Any CPU
		{AA0F45A4-467B-41AF-AA00-843D013E0156}.Release|Any CPU.ActiveCfg = Release|Any CPU
		{8C9313FD-A37C-45A2-9003-E84747E36188}.Debug|Any CPU.ActiveCfg = Debug|Any CPU
		{8C9313FD-A37C-45A2-9003-E84747E36188}.DebugAvalonia|Any CPU.ActiveCfg = Debug|Any CPU
		{8C9313FD-A37C-45A2-9003-E84747E36188}.DebugAvalonia|Any CPU.Build.0 = Debug|Any CPU
		{8C9313FD-A37C-45A2-9003-E84747E36188}.Release|Any CPU.ActiveCfg = Release|Any CPU
		{F12A19FD-BCA3-426D-A4DA-7DE75EB9E39E}.Debug|Any CPU.ActiveCfg = Debug|Any CPU
		{F12A19FD-BCA3-426D-A4DA-7DE75EB9E39E}.DebugAvalonia|Any CPU.ActiveCfg = Debug|Any CPU
		{F12A19FD-BCA3-426D-A4DA-7DE75EB9E39E}.DebugAvalonia|Any CPU.Build.0 = Debug|Any CPU
		{F12A19FD-BCA3-426D-A4DA-7DE75EB9E39E}.Release|Any CPU.ActiveCfg = Release|Any CPU
		{34CB52B4-2CB9-4E44-AF77-9F12C546775F}.Debug|Any CPU.ActiveCfg = Debug|Any CPU
		{34CB52B4-2CB9-4E44-AF77-9F12C546775F}.DebugAvalonia|Any CPU.ActiveCfg = Debug|Any CPU
		{34CB52B4-2CB9-4E44-AF77-9F12C546775F}.DebugAvalonia|Any CPU.Build.0 = Debug|Any CPU
		{34CB52B4-2CB9-4E44-AF77-9F12C546775F}.Release|Any CPU.ActiveCfg = Release|Any CPU
		{39A20758-BC18-4925-B22C-C16CF8943131}.Debug|Any CPU.ActiveCfg = Debug|Any CPU
		{39A20758-BC18-4925-B22C-C16CF8943131}.DebugAvalonia|Any CPU.ActiveCfg = Debug|Any CPU
		{39A20758-BC18-4925-B22C-C16CF8943131}.DebugAvalonia|Any CPU.Build.0 = Debug|Any CPU
		{39A20758-BC18-4925-B22C-C16CF8943131}.Release|Any CPU.ActiveCfg = Release|Any CPU
		{FB301202-68DD-4048-8734-C82E6FF42302}.Debug|Any CPU.ActiveCfg = Debug|Any CPU
		{FB301202-68DD-4048-8734-C82E6FF42302}.DebugAvalonia|Any CPU.ActiveCfg = Debug|Any CPU
		{FB301202-68DD-4048-8734-C82E6FF42302}.DebugAvalonia|Any CPU.Build.0 = Debug|Any CPU
		{FB301202-68DD-4048-8734-C82E6FF42302}.Release|Any CPU.ActiveCfg = Release|Any CPU
		{24D556A8-025D-4031-AB19-B87815750190}.Debug|Any CPU.ActiveCfg = Debug|Any CPU
		{24D556A8-025D-4031-AB19-B87815750190}.DebugAvalonia|Any CPU.ActiveCfg = Debug|Any CPU
		{24D556A8-025D-4031-AB19-B87815750190}.DebugAvalonia|Any CPU.Build.0 = Debug|Any CPU
		{24D556A8-025D-4031-AB19-B87815750190}.Release|Any CPU.ActiveCfg = Release|Any CPU
		{315B1ACB-A34C-4541-A547-E6701688874A}.Debug|Any CPU.ActiveCfg = Debug|Any CPU
		{315B1ACB-A34C-4541-A547-E6701688874A}.DebugAvalonia|Any CPU.ActiveCfg = Debug|Any CPU
		{315B1ACB-A34C-4541-A547-E6701688874A}.DebugAvalonia|Any CPU.Build.0 = Debug|Any CPU
		{315B1ACB-A34C-4541-A547-E6701688874A}.Release|Any CPU.ActiveCfg = Release|Any CPU
		{2FD96AE7-74EA-4608-8071-CAFE6948FB6D}.Debug|Any CPU.ActiveCfg = Debug|Any CPU
		{2FD96AE7-74EA-4608-8071-CAFE6948FB6D}.DebugAvalonia|Any CPU.ActiveCfg = Debug|Any CPU
		{2FD96AE7-74EA-4608-8071-CAFE6948FB6D}.DebugAvalonia|Any CPU.Build.0 = Debug|Any CPU
		{2FD96AE7-74EA-4608-8071-CAFE6948FB6D}.Release|Any CPU.ActiveCfg = Release|Any CPU
		{0A932EF2-830E-4409-AE4F-78A9C110E21F}.Debug|Any CPU.ActiveCfg = Debug|Any CPU
		{0A932EF2-830E-4409-AE4F-78A9C110E21F}.DebugAvalonia|Any CPU.ActiveCfg = Debug|Any CPU
		{0A932EF2-830E-4409-AE4F-78A9C110E21F}.DebugAvalonia|Any CPU.Build.0 = Debug|Any CPU
		{0A932EF2-830E-4409-AE4F-78A9C110E21F}.Release|Any CPU.ActiveCfg = Release|Any CPU
		{0643A92F-D13C-493C-AE87-37EE67B17EF6}.Debug|Any CPU.ActiveCfg = Debug|Any CPU
		{0643A92F-D13C-493C-AE87-37EE67B17EF6}.Debug|Any CPU.Build.0 = Debug|Any CPU
		{0643A92F-D13C-493C-AE87-37EE67B17EF6}.Release|Any CPU.ActiveCfg = Release|Any CPU
		{0643A92F-D13C-493C-AE87-37EE67B17EF6}.Release|Any CPU.Build.0 = Release|Any CPU
		{0643A92F-D13C-493C-AE87-37EE67B17EF6}.DebugAvalonia|Any CPU.ActiveCfg = Debug|Any CPU
		{0643A92F-D13C-493C-AE87-37EE67B17EF6}.DebugAvalonia|Any CPU.Build.0 = Debug|Any CPU
	EndGlobalSection
	GlobalSection(SolutionProperties) = preSolution
		HideSolutionNode = FALSE
	EndGlobalSection
	GlobalSection(ExtensibilityGlobals) = postSolution
		SolutionGuid = {3E63D4A5-8159-4344-B556-1E1D8D63DA99}
	EndGlobalSection
	GlobalSection(NestedProjects) = preSolution
		{80EDB0DB-C085-4AAD-BF82-EACC1EB30F44} = {AE8F68E4-310D-4A59-9B78-5B44CAB1DBF6}
		{F435BC90-7D12-4BDC-B337-F83A26EB77FD} = {AE8F68E4-310D-4A59-9B78-5B44CAB1DBF6}
		{5395540E-4AA8-4CC2-93E3-FF3AA02C1EB8} = {AE8F68E4-310D-4A59-9B78-5B44CAB1DBF6}
		{99F6C079-A4C1-4167-992C-B02EBAA70219} = {84D7A851-140E-4077-9060-826F9D990C5B}
		{8F5E8C3A-422A-47C6-AFC3-4A62997E5D27} = {84D7A851-140E-4077-9060-826F9D990C5B}
		{4A11961B-85AD-464E-B881-C90F8CAC5647} = {84D7A851-140E-4077-9060-826F9D990C5B}
		{4A5E9E2A-DBC9-4290-ACEB-B108FA458F0E} = {0DA53E9B-250E-4D88-A456-35436FEA60F5}
		{AD615AB8-1CE6-474F-BC6C-8BF0D0C7AFBF} = {0DA53E9B-250E-4D88-A456-35436FEA60F5}
		{9D1A4E14-2FE1-403A-A042-ED7E49DB0438} = {6C7361F8-036F-4C9A-8002-A94B71005DDB}
		{7ACFACDD-9DE8-4DF3-B283-171639FD9E1E} = {6C7361F8-036F-4C9A-8002-A94B71005DDB}
		{5C512B55-B4CA-4DE6-A3DC-A1500F94AE00} = {6C7361F8-036F-4C9A-8002-A94B71005DDB}
		{5647D3F5-EDF9-4D44-AAB9-678B31D57E6C} = {6C7361F8-036F-4C9A-8002-A94B71005DDB}
		{CF05DD30-40F3-435E-BA74-6A4D088483C4} = {6C7361F8-036F-4C9A-8002-A94B71005DDB}
		{0913A384-D1CD-4531-8077-E53C2B15C193} = {6C7361F8-036F-4C9A-8002-A94B71005DDB}
		{978E01E8-6BCF-4866-9567-301E7B6E6988} = {6C7361F8-036F-4C9A-8002-A94B71005DDB}
		{F9373E23-7E19-44D2-8EC9-E638ED1243AA} = {84D7A851-140E-4077-9060-826F9D990C5B}
		{1879936C-7EB8-4A2F-9791-4EF49ED2B6B5} = {106EEB05-E9AB-453A-ADD0-96505F405D76}
		{DCD5F40C-139E-4404-8EF0-DC85DD595E44} = {106EEB05-E9AB-453A-ADD0-96505F405D76}
		{67F88BE5-EEB2-409B-8331-ACC7ABFF46F7} = {106EEB05-E9AB-453A-ADD0-96505F405D76}
		{B060C7F1-97B0-4A26-B7A8-E47C9AF08D07} = {106EEB05-E9AB-453A-ADD0-96505F405D76}
		{480A1F45-1C08-45AA-9268-CEC3468D7570} = {106EEB05-E9AB-453A-ADD0-96505F405D76}
		{AB6F5059-FE3C-4884-B4B8-2E3405CFE9A4} = {106EEB05-E9AB-453A-ADD0-96505F405D76}
		{F2CE4D59-594F-4DE5-8B2C-2FD605F808E8} = {106EEB05-E9AB-453A-ADD0-96505F405D76}
		{506C7413-6FD7-472C-99AA-A0580B4D2E3B} = {106EEB05-E9AB-453A-ADD0-96505F405D76}
		{A55A533C-AE21-44BB-867B-1AD5BFFCCCBA} = {106EEB05-E9AB-453A-ADD0-96505F405D76}
		{93427DB8-F7A4-43B2-9BCB-AF13544CE1DC} = {106EEB05-E9AB-453A-ADD0-96505F405D76}
		{72A03A5C-F3AE-4DE6-97AF-A686C70BC78A} = {106EEB05-E9AB-453A-ADD0-96505F405D76}
		{FF98ED22-0FFC-4C53-8946-437F5B84441F} = {8A37024A-7A68-4BCB-B800-766D92E041EF}
		{C6BE1E01-CF2F-4FE5-A67C-AC783EB9D3F7} = {8A37024A-7A68-4BCB-B800-766D92E041EF}
		{DE7953F1-6155-44F0-86D3-1DCD0A9FE5DC} = {2616E90A-DE5D-41B4-A95F-352A62521D86}
		{C238232F-57F1-465D-A251-578224F8EA25} = {2616E90A-DE5D-41B4-A95F-352A62521D86}
		{A094F0F9-C067-4B66-8FCA-ECA3747C6A4C} = {2616E90A-DE5D-41B4-A95F-352A62521D86}
		{11BFD551-37B0-45A1-9890-CB5481B64E7E} = {4C553308-1140-42F2-B99C-90402248A983}
		{7E0DE187-A45C-406B-AAAE-608F40237CE6} = {4C553308-1140-42F2-B99C-90402248A983}
		{ACD1C8BC-B91A-40E8-865D-D6826758E7CC} = {4C553308-1140-42F2-B99C-90402248A983}
		{0CA0846F-F6F3-4B4B-B0BA-8FF9502F9CEA} = {4C553308-1140-42F2-B99C-90402248A983}
		{E78EDD8E-8908-4987-B450-4EB857839A98} = {4C553308-1140-42F2-B99C-90402248A983}
		{3CD1E251-D9BF-4061-A8D5-4AC65106C896} = {4C553308-1140-42F2-B99C-90402248A983}
		{BC7E0845-C750-4DAF-8869-9170211465E6} = {4C553308-1140-42F2-B99C-90402248A983}
		{A6109F89-0148-4C39-8631-206FFEFBA055} = {4C553308-1140-42F2-B99C-90402248A983}
		{7DDB9C5A-AA34-42AB-99E3-1280D1E0311F} = {8A37024A-7A68-4BCB-B800-766D92E041EF}
		{2B3DFEB9-808F-4EC4-B848-3C2533B40B39} = {0DA53E9B-250E-4D88-A456-35436FEA60F5}
		{B0F1E33D-8CD2-4839-8F87-E8835F5F8D0B} = {106EEB05-E9AB-453A-ADD0-96505F405D76}
		{2FEEC697-116D-46BE-B63F-E340FF6E9240} = {5B4101BE-5A22-4B88-9E94-FFC484E04BDE}
		{4EBDE3AD-9831-4F44-9EFB-5DEE51EE6390} = {5B4101BE-5A22-4B88-9E94-FFC484E04BDE}
		{A53E4EF2-5349-4149-AE71-AA7A800E637C} = {5B4101BE-5A22-4B88-9E94-FFC484E04BDE}
		{9C185B8A-052F-4240-9EC3-729496124402} = {5B4101BE-5A22-4B88-9E94-FFC484E04BDE}
		{A0CD6DDC-E2B3-400E-ACB7-E2339B74FCF9} = {5B4101BE-5A22-4B88-9E94-FFC484E04BDE}
		{733875B9-E2B9-4EF5-8B5C-B8E98AF25975} = {5B4101BE-5A22-4B88-9E94-FFC484E04BDE}
		{A072A641-D60D-4765-B8BD-F00F727B4F89} = {5B4101BE-5A22-4B88-9E94-FFC484E04BDE}
		{0330F689-A57E-4609-8F95-E766C0B8FFEC} = {5B4101BE-5A22-4B88-9E94-FFC484E04BDE}
		{AA0F45A4-467B-41AF-AA00-843D013E0156} = {5B4101BE-5A22-4B88-9E94-FFC484E04BDE}
		{8C9313FD-A37C-45A2-9003-E84747E36188} = {5B4101BE-5A22-4B88-9E94-FFC484E04BDE}
		{F12A19FD-BCA3-426D-A4DA-7DE75EB9E39E} = {5B4101BE-5A22-4B88-9E94-FFC484E04BDE}
		{34CB52B4-2CB9-4E44-AF77-9F12C546775F} = {5B4101BE-5A22-4B88-9E94-FFC484E04BDE}
		{39A20758-BC18-4925-B22C-C16CF8943131} = {5B4101BE-5A22-4B88-9E94-FFC484E04BDE}
		{FB301202-68DD-4048-8734-C82E6FF42302} = {5B4101BE-5A22-4B88-9E94-FFC484E04BDE}
		{24D556A8-025D-4031-AB19-B87815750190} = {5B4101BE-5A22-4B88-9E94-FFC484E04BDE}
		{315B1ACB-A34C-4541-A547-E6701688874A} = {5B4101BE-5A22-4B88-9E94-FFC484E04BDE}
		{2FD96AE7-74EA-4608-8071-CAFE6948FB6D} = {5B4101BE-5A22-4B88-9E94-FFC484E04BDE}
		{0A932EF2-830E-4409-AE4F-78A9C110E21F} = {5B4101BE-5A22-4B88-9E94-FFC484E04BDE}
		{0643A92F-D13C-493C-AE87-37EE67B17EF6} = {5B4101BE-5A22-4B88-9E94-FFC484E04BDE}
	EndGlobalSection
EndGlobal
