
Microsoft Visual Studio Solution File, Format Version 12.00
# Visual Studio Version 16
VisualStudioVersion = 16.0.29728.190
MinimumVisualStudioVersion = 10.0.40219.1
Project("{FAE04EC0-301F-11D3-BF4B-00C04F79EFBC}") = "WoWDatabaseEditorCore", "WoWDatabaseEditor\WoWDatabaseEditorCore.csproj", "{99C9E82C-C594-446D-AA59-8FFBC43AD226}"
	ProjectSection(ProjectDependencies) = postProject
		{C6BE1E01-CF2F-4FE5-A67C-AC783EB9D3F7} = {C6BE1E01-CF2F-4FE5-A67C-AC783EB9D3F7}
		{4A11961B-85AD-464E-B881-C90F8CAC5647} = {4A11961B-85AD-464E-B881-C90F8CAC5647}
		{F9373E23-7E19-44D2-8EC9-E638ED1243AA} = {F9373E23-7E19-44D2-8EC9-E638ED1243AA}
		{BC7E0845-C750-4DAF-8869-9170211465E6} = {BC7E0845-C750-4DAF-8869-9170211465E6}
		{11BFD551-37B0-45A1-9890-CB5481B64E7E} = {11BFD551-37B0-45A1-9890-CB5481B64E7E}
		{3CD1E251-D9BF-4061-A8D5-4AC65106C896} = {3CD1E251-D9BF-4061-A8D5-4AC65106C896}
		{7E0DE187-A45C-406B-AAAE-608F40237CE6} = {7E0DE187-A45C-406B-AAAE-608F40237CE6}
		{A6109F89-0148-4C39-8631-206FFEFBA055} = {A6109F89-0148-4C39-8631-206FFEFBA055}
		{ACD1C8BC-B91A-40E8-865D-D6826758E7CC} = {ACD1C8BC-B91A-40E8-865D-D6826758E7CC}
		{CF6D62D2-2332-4223-8499-ABF1CEDF3FC4} = {CF6D62D2-2332-4223-8499-ABF1CEDF3FC4}
		{B060C7F1-97B0-4A26-B7A8-E47C9AF08D07} = {B060C7F1-97B0-4A26-B7A8-E47C9AF08D07}
	EndProjectSection
EndProject
Project("{FAE04EC0-301F-11D3-BF4B-00C04F79EFBC}") = "WDE.SmartScriptEditor", "WDE.SmartScriptEditor\WDE.SmartScriptEditor.csproj", "{B060C7F1-97B0-4A26-B7A8-E47C9AF08D07}"
EndProject
Project("{FAE04EC0-301F-11D3-BF4B-00C04F79EFBC}") = "WDE.Common", "WoWDatabaseEditor.Common\WDE.Common\WDE.Common.csproj", "{9D1A4E14-2FE1-403A-A042-ED7E49DB0438}"
EndProject
Project("{FAE04EC0-301F-11D3-BF4B-00C04F79EFBC}") = "WDE.Solutions", "WDE.Solutions\WDE.Solutions.csproj", "{ACD1C8BC-B91A-40E8-865D-D6826758E7CC}"
EndProject
Project("{FAE04EC0-301F-11D3-BF4B-00C04F79EFBC}") = "WDE.Parameters", "WDE.Parameters\WDE.Parameters.csproj", "{3CD1E251-D9BF-4061-A8D5-4AC65106C896}"
EndProject
Project("{FAE04EC0-301F-11D3-BF4B-00C04F79EFBC}") = "WDE.DbcStore", "WoWDatabaseEditor.Common\WDE.DbcStore\WDE.DbcStore.csproj", "{A6109F89-0148-4C39-8631-206FFEFBA055}"
EndProject
Project("{FAE04EC0-301F-11D3-BF4B-00C04F79EFBC}") = "WDE.History", "WoWDatabaseEditor.Common\WDE.History\WDE.History.csproj", "{BC7E0845-C750-4DAF-8869-9170211465E6}"
EndProject
Project("{FAE04EC0-301F-11D3-BF4B-00C04F79EFBC}") = "WDE.SQLEditor", "WDE.SQLEditor\WDE.SQLEditor.csproj", "{7E0DE187-A45C-406B-AAAE-608F40237CE6}"
EndProject
Project("{FAE04EC0-301F-11D3-BF4B-00C04F79EFBC}") = "WDE.HistoryWindow", "WDE.HistoryWindow\WDE.HistoryWindow.csproj", "{CF6D62D2-2332-4223-8499-ABF1CEDF3FC4}"
EndProject
Project("{FAE04EC0-301F-11D3-BF4B-00C04F79EFBC}") = "WDE.TrinityMySqlDatabase", "WoWDatabaseEditor.Common\WDE.TrinityMySqlDatabase\WDE.TrinityMySqlDatabase.csproj", "{C6BE1E01-CF2F-4FE5-A67C-AC783EB9D3F7}"
EndProject
Project("{FAE04EC0-301F-11D3-BF4B-00C04F79EFBC}") = "WDE.Blueprints", "WDE.Blueprints\WDE.Blueprints.csproj", "{4A11961B-85AD-464E-B881-C90F8CAC5647}"
EndProject
Project("{FAE04EC0-301F-11D3-BF4B-00C04F79EFBC}") = "GeminiGraphEditor", "GeminiGraphEditor\GeminiGraphEditor.csproj", "{99F6C079-A4C1-4167-992C-B02EBAA70219}"
EndProject
Project("{FAE04EC0-301F-11D3-BF4B-00C04F79EFBC}") = "WDE.QuestChainEditor", "WDE.QuestChainEditor\WDE.QuestChainEditor.csproj", "{F9373E23-7E19-44D2-8EC9-E638ED1243AA}"
EndProject
Project("{FAE04EC0-301F-11D3-BF4B-00C04F79EFBC}") = "QuestChainTest", "QuestChainTest\QuestChainTest.csproj", "{8F5E8C3A-422A-47C6-AFC3-4A62997E5D27}"
EndProject
Project("{FAE04EC0-301F-11D3-BF4B-00C04F79EFBC}") = "WDE.Module", "WoWDatabaseEditor.Common\WDE.Module\WDE.Module.csproj", "{034D29B2-FAAA-4FEA-A77E-5532AA2B0FB1}"
EndProject
Project("{FAE04EC0-301F-11D3-BF4B-00C04F79EFBC}") = "WDE.ThemeChanger", "WDE.ThemeChanger\WDE.ThemeChanger.csproj", "{11BFD551-37B0-45A1-9890-CB5481B64E7E}"
EndProject
Global
	GlobalSection(SolutionConfigurationPlatforms) = preSolution
		Debug|Any CPU = Debug|Any CPU
		Debug|x64 = Debug|x64
		Debug|x86 = Debug|x86
		Release|Any CPU = Release|Any CPU
		Release|x64 = Release|x64
		Release|x86 = Release|x86
	EndGlobalSection
	GlobalSection(ProjectConfigurationPlatforms) = postSolution
		{99C9E82C-C594-446D-AA59-8FFBC43AD226}.Debug|Any CPU.ActiveCfg = Debug|Any CPU
		{99C9E82C-C594-446D-AA59-8FFBC43AD226}.Debug|Any CPU.Build.0 = Debug|Any CPU
		{99C9E82C-C594-446D-AA59-8FFBC43AD226}.Debug|x64.ActiveCfg = Debug|Any CPU
		{99C9E82C-C594-446D-AA59-8FFBC43AD226}.Debug|x64.Build.0 = Debug|Any CPU
		{99C9E82C-C594-446D-AA59-8FFBC43AD226}.Debug|x86.ActiveCfg = Debug|x86
		{99C9E82C-C594-446D-AA59-8FFBC43AD226}.Debug|x86.Build.0 = Debug|x86
		{99C9E82C-C594-446D-AA59-8FFBC43AD226}.Release|Any CPU.ActiveCfg = Release|Any CPU
		{99C9E82C-C594-446D-AA59-8FFBC43AD226}.Release|Any CPU.Build.0 = Release|Any CPU
		{99C9E82C-C594-446D-AA59-8FFBC43AD226}.Release|x64.ActiveCfg = Release|Any CPU
		{99C9E82C-C594-446D-AA59-8FFBC43AD226}.Release|x64.Build.0 = Release|Any CPU
		{99C9E82C-C594-446D-AA59-8FFBC43AD226}.Release|x86.ActiveCfg = Release|x86
		{99C9E82C-C594-446D-AA59-8FFBC43AD226}.Release|x86.Build.0 = Release|x86
		{B060C7F1-97B0-4A26-B7A8-E47C9AF08D07}.Debug|Any CPU.ActiveCfg = Debug|Any CPU
		{B060C7F1-97B0-4A26-B7A8-E47C9AF08D07}.Debug|Any CPU.Build.0 = Debug|Any CPU
		{B060C7F1-97B0-4A26-B7A8-E47C9AF08D07}.Debug|x64.ActiveCfg = Debug|Any CPU
		{B060C7F1-97B0-4A26-B7A8-E47C9AF08D07}.Debug|x64.Build.0 = Debug|Any CPU
		{B060C7F1-97B0-4A26-B7A8-E47C9AF08D07}.Debug|x86.ActiveCfg = Debug|x86
		{B060C7F1-97B0-4A26-B7A8-E47C9AF08D07}.Debug|x86.Build.0 = Debug|x86
		{B060C7F1-97B0-4A26-B7A8-E47C9AF08D07}.Release|Any CPU.ActiveCfg = Release|Any CPU
		{B060C7F1-97B0-4A26-B7A8-E47C9AF08D07}.Release|Any CPU.Build.0 = Release|Any CPU
		{B060C7F1-97B0-4A26-B7A8-E47C9AF08D07}.Release|x64.ActiveCfg = Release|Any CPU
		{B060C7F1-97B0-4A26-B7A8-E47C9AF08D07}.Release|x64.Build.0 = Release|Any CPU
		{B060C7F1-97B0-4A26-B7A8-E47C9AF08D07}.Release|x86.ActiveCfg = Release|x86
		{B060C7F1-97B0-4A26-B7A8-E47C9AF08D07}.Release|x86.Build.0 = Release|x86
		{9D1A4E14-2FE1-403A-A042-ED7E49DB0438}.Debug|Any CPU.ActiveCfg = Debug|Any CPU
		{9D1A4E14-2FE1-403A-A042-ED7E49DB0438}.Debug|Any CPU.Build.0 = Debug|Any CPU
		{9D1A4E14-2FE1-403A-A042-ED7E49DB0438}.Debug|x64.ActiveCfg = Debug|Any CPU
		{9D1A4E14-2FE1-403A-A042-ED7E49DB0438}.Debug|x64.Build.0 = Debug|Any CPU
		{9D1A4E14-2FE1-403A-A042-ED7E49DB0438}.Debug|x86.ActiveCfg = Debug|x86
		{9D1A4E14-2FE1-403A-A042-ED7E49DB0438}.Debug|x86.Build.0 = Debug|x86
		{9D1A4E14-2FE1-403A-A042-ED7E49DB0438}.Release|Any CPU.ActiveCfg = Release|Any CPU
		{9D1A4E14-2FE1-403A-A042-ED7E49DB0438}.Release|Any CPU.Build.0 = Release|Any CPU
		{9D1A4E14-2FE1-403A-A042-ED7E49DB0438}.Release|x64.ActiveCfg = Release|Any CPU
		{9D1A4E14-2FE1-403A-A042-ED7E49DB0438}.Release|x64.Build.0 = Release|Any CPU
		{9D1A4E14-2FE1-403A-A042-ED7E49DB0438}.Release|x86.ActiveCfg = Release|x86
		{9D1A4E14-2FE1-403A-A042-ED7E49DB0438}.Release|x86.Build.0 = Release|x86
		{ACD1C8BC-B91A-40E8-865D-D6826758E7CC}.Debug|Any CPU.ActiveCfg = Debug|Any CPU
		{ACD1C8BC-B91A-40E8-865D-D6826758E7CC}.Debug|Any CPU.Build.0 = Debug|Any CPU
		{ACD1C8BC-B91A-40E8-865D-D6826758E7CC}.Debug|x64.ActiveCfg = Debug|Any CPU
		{ACD1C8BC-B91A-40E8-865D-D6826758E7CC}.Debug|x64.Build.0 = Debug|Any CPU
		{ACD1C8BC-B91A-40E8-865D-D6826758E7CC}.Debug|x86.ActiveCfg = Debug|x86
		{ACD1C8BC-B91A-40E8-865D-D6826758E7CC}.Debug|x86.Build.0 = Debug|x86
		{ACD1C8BC-B91A-40E8-865D-D6826758E7CC}.Release|Any CPU.ActiveCfg = Release|Any CPU
		{ACD1C8BC-B91A-40E8-865D-D6826758E7CC}.Release|Any CPU.Build.0 = Release|Any CPU
		{ACD1C8BC-B91A-40E8-865D-D6826758E7CC}.Release|x64.ActiveCfg = Release|Any CPU
		{ACD1C8BC-B91A-40E8-865D-D6826758E7CC}.Release|x64.Build.0 = Release|Any CPU
		{ACD1C8BC-B91A-40E8-865D-D6826758E7CC}.Release|x86.ActiveCfg = Release|x86
		{ACD1C8BC-B91A-40E8-865D-D6826758E7CC}.Release|x86.Build.0 = Release|x86
		{3CD1E251-D9BF-4061-A8D5-4AC65106C896}.Debug|Any CPU.ActiveCfg = Debug|Any CPU
		{3CD1E251-D9BF-4061-A8D5-4AC65106C896}.Debug|Any CPU.Build.0 = Debug|Any CPU
		{3CD1E251-D9BF-4061-A8D5-4AC65106C896}.Debug|x64.ActiveCfg = Debug|Any CPU
		{3CD1E251-D9BF-4061-A8D5-4AC65106C896}.Debug|x64.Build.0 = Debug|Any CPU
		{3CD1E251-D9BF-4061-A8D5-4AC65106C896}.Debug|x86.ActiveCfg = Debug|x86
		{3CD1E251-D9BF-4061-A8D5-4AC65106C896}.Debug|x86.Build.0 = Debug|x86
		{3CD1E251-D9BF-4061-A8D5-4AC65106C896}.Release|Any CPU.ActiveCfg = Release|Any CPU
		{3CD1E251-D9BF-4061-A8D5-4AC65106C896}.Release|Any CPU.Build.0 = Release|Any CPU
		{3CD1E251-D9BF-4061-A8D5-4AC65106C896}.Release|x64.ActiveCfg = Release|Any CPU
		{3CD1E251-D9BF-4061-A8D5-4AC65106C896}.Release|x64.Build.0 = Release|Any CPU
		{3CD1E251-D9BF-4061-A8D5-4AC65106C896}.Release|x86.ActiveCfg = Release|x86
		{3CD1E251-D9BF-4061-A8D5-4AC65106C896}.Release|x86.Build.0 = Release|x86
		{A6109F89-0148-4C39-8631-206FFEFBA055}.Debug|Any CPU.ActiveCfg = Debug|Any CPU
		{A6109F89-0148-4C39-8631-206FFEFBA055}.Debug|Any CPU.Build.0 = Debug|Any CPU
		{A6109F89-0148-4C39-8631-206FFEFBA055}.Debug|x64.ActiveCfg = Debug|Any CPU
		{A6109F89-0148-4C39-8631-206FFEFBA055}.Debug|x64.Build.0 = Debug|Any CPU
		{A6109F89-0148-4C39-8631-206FFEFBA055}.Debug|x86.ActiveCfg = Debug|x86
		{A6109F89-0148-4C39-8631-206FFEFBA055}.Debug|x86.Build.0 = Debug|x86
		{A6109F89-0148-4C39-8631-206FFEFBA055}.Release|Any CPU.ActiveCfg = Release|Any CPU
		{A6109F89-0148-4C39-8631-206FFEFBA055}.Release|Any CPU.Build.0 = Release|Any CPU
		{A6109F89-0148-4C39-8631-206FFEFBA055}.Release|x64.ActiveCfg = Release|Any CPU
		{A6109F89-0148-4C39-8631-206FFEFBA055}.Release|x64.Build.0 = Release|Any CPU
		{A6109F89-0148-4C39-8631-206FFEFBA055}.Release|x86.ActiveCfg = Release|x86
		{A6109F89-0148-4C39-8631-206FFEFBA055}.Release|x86.Build.0 = Release|x86
		{BC7E0845-C750-4DAF-8869-9170211465E6}.Debug|Any CPU.ActiveCfg = Debug|Any CPU
		{BC7E0845-C750-4DAF-8869-9170211465E6}.Debug|Any CPU.Build.0 = Debug|Any CPU
		{BC7E0845-C750-4DAF-8869-9170211465E6}.Debug|x64.ActiveCfg = Debug|Any CPU
		{BC7E0845-C750-4DAF-8869-9170211465E6}.Debug|x64.Build.0 = Debug|Any CPU
		{BC7E0845-C750-4DAF-8869-9170211465E6}.Debug|x86.ActiveCfg = Debug|x86
		{BC7E0845-C750-4DAF-8869-9170211465E6}.Debug|x86.Build.0 = Debug|x86
		{BC7E0845-C750-4DAF-8869-9170211465E6}.Release|Any CPU.ActiveCfg = Release|Any CPU
		{BC7E0845-C750-4DAF-8869-9170211465E6}.Release|Any CPU.Build.0 = Release|Any CPU
		{BC7E0845-C750-4DAF-8869-9170211465E6}.Release|x64.ActiveCfg = Release|Any CPU
		{BC7E0845-C750-4DAF-8869-9170211465E6}.Release|x64.Build.0 = Release|Any CPU
		{BC7E0845-C750-4DAF-8869-9170211465E6}.Release|x86.ActiveCfg = Release|x86
		{BC7E0845-C750-4DAF-8869-9170211465E6}.Release|x86.Build.0 = Release|x86
		{7E0DE187-A45C-406B-AAAE-608F40237CE6}.Debug|Any CPU.ActiveCfg = Debug|Any CPU
		{7E0DE187-A45C-406B-AAAE-608F40237CE6}.Debug|Any CPU.Build.0 = Debug|Any CPU
		{7E0DE187-A45C-406B-AAAE-608F40237CE6}.Debug|x64.ActiveCfg = Debug|Any CPU
		{7E0DE187-A45C-406B-AAAE-608F40237CE6}.Debug|x64.Build.0 = Debug|Any CPU
		{7E0DE187-A45C-406B-AAAE-608F40237CE6}.Debug|x86.ActiveCfg = Debug|x86
		{7E0DE187-A45C-406B-AAAE-608F40237CE6}.Debug|x86.Build.0 = Debug|x86
		{7E0DE187-A45C-406B-AAAE-608F40237CE6}.Release|Any CPU.ActiveCfg = Release|Any CPU
		{7E0DE187-A45C-406B-AAAE-608F40237CE6}.Release|Any CPU.Build.0 = Release|Any CPU
		{7E0DE187-A45C-406B-AAAE-608F40237CE6}.Release|x64.ActiveCfg = Release|Any CPU
		{7E0DE187-A45C-406B-AAAE-608F40237CE6}.Release|x64.Build.0 = Release|Any CPU
		{7E0DE187-A45C-406B-AAAE-608F40237CE6}.Release|x86.ActiveCfg = Release|x86
		{7E0DE187-A45C-406B-AAAE-608F40237CE6}.Release|x86.Build.0 = Release|x86
		{CF6D62D2-2332-4223-8499-ABF1CEDF3FC4}.Debug|Any CPU.ActiveCfg = Debug|Any CPU
		{CF6D62D2-2332-4223-8499-ABF1CEDF3FC4}.Debug|Any CPU.Build.0 = Debug|Any CPU
		{CF6D62D2-2332-4223-8499-ABF1CEDF3FC4}.Debug|x64.ActiveCfg = Debug|Any CPU
		{CF6D62D2-2332-4223-8499-ABF1CEDF3FC4}.Debug|x64.Build.0 = Debug|Any CPU
		{CF6D62D2-2332-4223-8499-ABF1CEDF3FC4}.Debug|x86.ActiveCfg = Debug|Any CPU
		{CF6D62D2-2332-4223-8499-ABF1CEDF3FC4}.Debug|x86.Build.0 = Debug|Any CPU
		{CF6D62D2-2332-4223-8499-ABF1CEDF3FC4}.Release|Any CPU.ActiveCfg = Release|Any CPU
		{CF6D62D2-2332-4223-8499-ABF1CEDF3FC4}.Release|Any CPU.Build.0 = Release|Any CPU
		{CF6D62D2-2332-4223-8499-ABF1CEDF3FC4}.Release|x64.ActiveCfg = Release|Any CPU
		{CF6D62D2-2332-4223-8499-ABF1CEDF3FC4}.Release|x64.Build.0 = Release|Any CPU
		{CF6D62D2-2332-4223-8499-ABF1CEDF3FC4}.Release|x86.ActiveCfg = Release|Any CPU
		{CF6D62D2-2332-4223-8499-ABF1CEDF3FC4}.Release|x86.Build.0 = Release|Any CPU
		{C6BE1E01-CF2F-4FE5-A67C-AC783EB9D3F7}.Debug|Any CPU.ActiveCfg = Debug|Any CPU
		{C6BE1E01-CF2F-4FE5-A67C-AC783EB9D3F7}.Debug|Any CPU.Build.0 = Debug|Any CPU
		{C6BE1E01-CF2F-4FE5-A67C-AC783EB9D3F7}.Debug|x64.ActiveCfg = Debug|Any CPU
		{C6BE1E01-CF2F-4FE5-A67C-AC783EB9D3F7}.Debug|x64.Build.0 = Debug|Any CPU
		{C6BE1E01-CF2F-4FE5-A67C-AC783EB9D3F7}.Debug|x86.ActiveCfg = Debug|x86
		{C6BE1E01-CF2F-4FE5-A67C-AC783EB9D3F7}.Debug|x86.Build.0 = Debug|x86
		{C6BE1E01-CF2F-4FE5-A67C-AC783EB9D3F7}.Release|Any CPU.ActiveCfg = Release|Any CPU
		{C6BE1E01-CF2F-4FE5-A67C-AC783EB9D3F7}.Release|Any CPU.Build.0 = Release|Any CPU
		{C6BE1E01-CF2F-4FE5-A67C-AC783EB9D3F7}.Release|x64.ActiveCfg = Release|Any CPU
		{C6BE1E01-CF2F-4FE5-A67C-AC783EB9D3F7}.Release|x64.Build.0 = Release|Any CPU
		{C6BE1E01-CF2F-4FE5-A67C-AC783EB9D3F7}.Release|x86.ActiveCfg = Release|x86
		{C6BE1E01-CF2F-4FE5-A67C-AC783EB9D3F7}.Release|x86.Build.0 = Release|x86
		{4A11961B-85AD-464E-B881-C90F8CAC5647}.Debug|Any CPU.ActiveCfg = Debug|Any CPU
		{4A11961B-85AD-464E-B881-C90F8CAC5647}.Debug|Any CPU.Build.0 = Debug|Any CPU
		{4A11961B-85AD-464E-B881-C90F8CAC5647}.Debug|x64.ActiveCfg = Debug|Any CPU
		{4A11961B-85AD-464E-B881-C90F8CAC5647}.Debug|x64.Build.0 = Debug|Any CPU
		{4A11961B-85AD-464E-B881-C90F8CAC5647}.Debug|x86.ActiveCfg = Debug|Any CPU
		{4A11961B-85AD-464E-B881-C90F8CAC5647}.Debug|x86.Build.0 = Debug|Any CPU
		{4A11961B-85AD-464E-B881-C90F8CAC5647}.Release|Any CPU.ActiveCfg = Release|Any CPU
		{4A11961B-85AD-464E-B881-C90F8CAC5647}.Release|Any CPU.Build.0 = Release|Any CPU
		{4A11961B-85AD-464E-B881-C90F8CAC5647}.Release|x64.ActiveCfg = Release|Any CPU
		{4A11961B-85AD-464E-B881-C90F8CAC5647}.Release|x64.Build.0 = Release|Any CPU
		{4A11961B-85AD-464E-B881-C90F8CAC5647}.Release|x86.ActiveCfg = Release|Any CPU
		{4A11961B-85AD-464E-B881-C90F8CAC5647}.Release|x86.Build.0 = Release|Any CPU
		{99F6C079-A4C1-4167-992C-B02EBAA70219}.Debug|Any CPU.ActiveCfg = Debug|Any CPU
		{99F6C079-A4C1-4167-992C-B02EBAA70219}.Debug|Any CPU.Build.0 = Debug|Any CPU
		{99F6C079-A4C1-4167-992C-B02EBAA70219}.Debug|x64.ActiveCfg = Debug|Any CPU
		{99F6C079-A4C1-4167-992C-B02EBAA70219}.Debug|x64.Build.0 = Debug|Any CPU
		{99F6C079-A4C1-4167-992C-B02EBAA70219}.Debug|x86.ActiveCfg = Debug|Any CPU
		{99F6C079-A4C1-4167-992C-B02EBAA70219}.Debug|x86.Build.0 = Debug|Any CPU
		{99F6C079-A4C1-4167-992C-B02EBAA70219}.Release|Any CPU.ActiveCfg = Release|Any CPU
		{99F6C079-A4C1-4167-992C-B02EBAA70219}.Release|Any CPU.Build.0 = Release|Any CPU
		{99F6C079-A4C1-4167-992C-B02EBAA70219}.Release|x64.ActiveCfg = Release|Any CPU
		{99F6C079-A4C1-4167-992C-B02EBAA70219}.Release|x64.Build.0 = Release|Any CPU
		{99F6C079-A4C1-4167-992C-B02EBAA70219}.Release|x86.ActiveCfg = Release|Any CPU
		{99F6C079-A4C1-4167-992C-B02EBAA70219}.Release|x86.Build.0 = Release|Any CPU
		{F9373E23-7E19-44D2-8EC9-E638ED1243AA}.Debug|Any CPU.ActiveCfg = Debug|Any CPU
		{F9373E23-7E19-44D2-8EC9-E638ED1243AA}.Debug|Any CPU.Build.0 = Debug|Any CPU
		{F9373E23-7E19-44D2-8EC9-E638ED1243AA}.Debug|x64.ActiveCfg = Debug|Any CPU
		{F9373E23-7E19-44D2-8EC9-E638ED1243AA}.Debug|x64.Build.0 = Debug|Any CPU
		{F9373E23-7E19-44D2-8EC9-E638ED1243AA}.Debug|x86.ActiveCfg = Debug|Any CPU
		{F9373E23-7E19-44D2-8EC9-E638ED1243AA}.Debug|x86.Build.0 = Debug|Any CPU
		{F9373E23-7E19-44D2-8EC9-E638ED1243AA}.Release|Any CPU.ActiveCfg = Release|Any CPU
		{F9373E23-7E19-44D2-8EC9-E638ED1243AA}.Release|Any CPU.Build.0 = Release|Any CPU
		{F9373E23-7E19-44D2-8EC9-E638ED1243AA}.Release|x64.ActiveCfg = Release|Any CPU
		{F9373E23-7E19-44D2-8EC9-E638ED1243AA}.Release|x64.Build.0 = Release|Any CPU
		{F9373E23-7E19-44D2-8EC9-E638ED1243AA}.Release|x86.ActiveCfg = Release|Any CPU
		{F9373E23-7E19-44D2-8EC9-E638ED1243AA}.Release|x86.Build.0 = Release|Any CPU
		{8F5E8C3A-422A-47C6-AFC3-4A62997E5D27}.Debug|Any CPU.ActiveCfg = Debug|Any CPU
		{8F5E8C3A-422A-47C6-AFC3-4A62997E5D27}.Debug|Any CPU.Build.0 = Debug|Any CPU
		{8F5E8C3A-422A-47C6-AFC3-4A62997E5D27}.Debug|x64.ActiveCfg = Debug|Any CPU
		{8F5E8C3A-422A-47C6-AFC3-4A62997E5D27}.Debug|x64.Build.0 = Debug|Any CPU
		{8F5E8C3A-422A-47C6-AFC3-4A62997E5D27}.Debug|x86.ActiveCfg = Debug|Any CPU
		{8F5E8C3A-422A-47C6-AFC3-4A62997E5D27}.Debug|x86.Build.0 = Debug|Any CPU
		{8F5E8C3A-422A-47C6-AFC3-4A62997E5D27}.Release|Any CPU.ActiveCfg = Release|Any CPU
		{8F5E8C3A-422A-47C6-AFC3-4A62997E5D27}.Release|Any CPU.Build.0 = Release|Any CPU
		{8F5E8C3A-422A-47C6-AFC3-4A62997E5D27}.Release|x64.ActiveCfg = Release|Any CPU
		{8F5E8C3A-422A-47C6-AFC3-4A62997E5D27}.Release|x64.Build.0 = Release|Any CPU
		{8F5E8C3A-422A-47C6-AFC3-4A62997E5D27}.Release|x86.ActiveCfg = Release|Any CPU
		{8F5E8C3A-422A-47C6-AFC3-4A62997E5D27}.Release|x86.Build.0 = Release|Any CPU
		{034D29B2-FAAA-4FEA-A77E-5532AA2B0FB1}.Debug|Any CPU.ActiveCfg = Debug|Any CPU
		{034D29B2-FAAA-4FEA-A77E-5532AA2B0FB1}.Debug|Any CPU.Build.0 = Debug|Any CPU
		{034D29B2-FAAA-4FEA-A77E-5532AA2B0FB1}.Debug|x64.ActiveCfg = Debug|Any CPU
		{034D29B2-FAAA-4FEA-A77E-5532AA2B0FB1}.Debug|x64.Build.0 = Debug|Any CPU
		{034D29B2-FAAA-4FEA-A77E-5532AA2B0FB1}.Debug|x86.ActiveCfg = Debug|Any CPU
		{034D29B2-FAAA-4FEA-A77E-5532AA2B0FB1}.Debug|x86.Build.0 = Debug|Any CPU
		{034D29B2-FAAA-4FEA-A77E-5532AA2B0FB1}.Release|Any CPU.ActiveCfg = Release|Any CPU
		{034D29B2-FAAA-4FEA-A77E-5532AA2B0FB1}.Release|Any CPU.Build.0 = Release|Any CPU
		{034D29B2-FAAA-4FEA-A77E-5532AA2B0FB1}.Release|x64.ActiveCfg = Release|Any CPU
		{034D29B2-FAAA-4FEA-A77E-5532AA2B0FB1}.Release|x64.Build.0 = Release|Any CPU
		{034D29B2-FAAA-4FEA-A77E-5532AA2B0FB1}.Release|x86.ActiveCfg = Release|Any CPU
		{034D29B2-FAAA-4FEA-A77E-5532AA2B0FB1}.Release|x86.Build.0 = Release|Any CPU
		{11BFD551-37B0-45A1-9890-CB5481B64E7E}.Debug|Any CPU.ActiveCfg = Debug|Any CPU
		{11BFD551-37B0-45A1-9890-CB5481B64E7E}.Debug|Any CPU.Build.0 = Debug|Any CPU
		{11BFD551-37B0-45A1-9890-CB5481B64E7E}.Debug|x64.ActiveCfg = Debug|Any CPU
		{11BFD551-37B0-45A1-9890-CB5481B64E7E}.Debug|x64.Build.0 = Debug|Any CPU
		{11BFD551-37B0-45A1-9890-CB5481B64E7E}.Debug|x86.ActiveCfg = Debug|Any CPU
		{11BFD551-37B0-45A1-9890-CB5481B64E7E}.Debug|x86.Build.0 = Debug|Any CPU
		{11BFD551-37B0-45A1-9890-CB5481B64E7E}.Release|Any CPU.ActiveCfg = Release|Any CPU
		{11BFD551-37B0-45A1-9890-CB5481B64E7E}.Release|Any CPU.Build.0 = Release|Any CPU
		{11BFD551-37B0-45A1-9890-CB5481B64E7E}.Release|x64.ActiveCfg = Release|Any CPU
		{11BFD551-37B0-45A1-9890-CB5481B64E7E}.Release|x64.Build.0 = Release|Any CPU
		{11BFD551-37B0-45A1-9890-CB5481B64E7E}.Release|x86.ActiveCfg = Release|Any CPU
		{11BFD551-37B0-45A1-9890-CB5481B64E7E}.Release|x86.Build.0 = Release|Any CPU
	EndGlobalSection
	GlobalSection(SolutionProperties) = preSolution
		HideSolutionNode = FALSE
	EndGlobalSection
	GlobalSection(ExtensibilityGlobals) = postSolution
		SolutionGuid = {3E63D4A5-8159-4344-B556-1E1D8D63DA99}
	EndGlobalSection
EndGlobal
