
Microsoft Visual Studio Solution File, Format Version 12.00
# Visual Studio Version 16
VisualStudioVersion = 16.0.29728.190
MinimumVisualStudioVersion = 10.0.40219.1
Project("{9A19103F-16F7-4668-BE54-9A1E7A4F7556}") = "WoWDatabaseEditorCore", "WoWDatabaseEditor\WoWDatabaseEditorCore.csproj", "{99C9E82C-C594-446D-AA59-8FFBC43AD226}"
EndProject
Project("{9A19103F-16F7-4668-BE54-9A1E7A4F7556}") = "WDE.SmartScriptEditor", "WDE.SmartScriptEditor\WDE.SmartScriptEditor.csproj", "{B060C7F1-97B0-4A26-B7A8-E47C9AF08D07}"
EndProject
Project("{9A19103F-16F7-4668-BE54-9A1E7A4F7556}") = "WDE.Common", "WoWDatabaseEditor.Common\WDE.Common\WDE.Common.csproj", "{9D1A4E14-2FE1-403A-A042-ED7E49DB0438}"
EndProject
Project("{9A19103F-16F7-4668-BE54-9A1E7A4F7556}") = "WDE.Solutions", "WDE.Solutions\WDE.Solutions.csproj", "{ACD1C8BC-B91A-40E8-865D-D6826758E7CC}"
EndProject
Project("{9A19103F-16F7-4668-BE54-9A1E7A4F7556}") = "WDE.Parameters", "WDE.Parameters\WDE.Parameters.csproj", "{3CD1E251-D9BF-4061-A8D5-4AC65106C896}"
EndProject
Project("{9A19103F-16F7-4668-BE54-9A1E7A4F7556}") = "WDE.DbcStore", "WoWDatabaseEditor.Common\WDE.DbcStore\WDE.DbcStore.csproj", "{A6109F89-0148-4C39-8631-206FFEFBA055}"
EndProject
Project("{9A19103F-16F7-4668-BE54-9A1E7A4F7556}") = "WDE.History", "WoWDatabaseEditor.Common\WDE.History\WDE.History.csproj", "{BC7E0845-C750-4DAF-8869-9170211465E6}"
EndProject
Project("{9A19103F-16F7-4668-BE54-9A1E7A4F7556}") = "WDE.SQLEditor", "WDE.SQLEditor\WDE.SQLEditor.csproj", "{7E0DE187-A45C-406B-AAAE-608F40237CE6}"
EndProject
Project("{9A19103F-16F7-4668-BE54-9A1E7A4F7556}") = "WDE.TrinityMySqlDatabase", "WoWDatabaseEditor.Common\WDE.TrinityMySqlDatabase\WDE.TrinityMySqlDatabase.csproj", "{C6BE1E01-CF2F-4FE5-A67C-AC783EB9D3F7}"
EndProject
Project("{9A19103F-16F7-4668-BE54-9A1E7A4F7556}") = "WDE.Blueprints", "WDE.Blueprints\WDE.Blueprints.csproj", "{4A11961B-85AD-464E-B881-C90F8CAC5647}"
EndProject
Project("{9A19103F-16F7-4668-BE54-9A1E7A4F7556}") = "GeminiGraphEditor", "GeminiGraphEditor\GeminiGraphEditor.csproj", "{99F6C079-A4C1-4167-992C-B02EBAA70219}"
EndProject
Project("{9A19103F-16F7-4668-BE54-9A1E7A4F7556}") = "WDE.QuestChainEditor", "WDE.QuestChainEditor\WDE.QuestChainEditor.csproj", "{F9373E23-7E19-44D2-8EC9-E638ED1243AA}"
EndProject
Project("{9A19103F-16F7-4668-BE54-9A1E7A4F7556}") = "QuestChainTest", "QuestChainTest\QuestChainTest.csproj", "{8F5E8C3A-422A-47C6-AFC3-4A62997E5D27}"
EndProject
Project("{9A19103F-16F7-4668-BE54-9A1E7A4F7556}") = "WDE.ThemeChanger", "WDE.ThemeChanger\WDE.ThemeChanger.csproj", "{11BFD551-37B0-45A1-9890-CB5481B64E7E}"
EndProject
Project("{9A19103F-16F7-4668-BE54-9A1E7A4F7556}") = "WDE.Conditions", "WDE.Conditions\WDE.Conditions.csproj", "{A55A533C-AE21-44BB-867B-1AD5BFFCCCBA}"
EndProject
Project("{9A19103F-16F7-4668-BE54-9A1E7A4F7556}") = "WDE.MVVM", "WDE.MVVM\WDE.MVVM.csproj", "{0913A384-D1CD-4531-8077-E53C2B15C193}"
EndProject
Project("{9A19103F-16F7-4668-BE54-9A1E7A4F7556}") = "WDE.MVVM.Test", "WDE.MVVM.Test\WDE.MVVM.Test.csproj", "{978E01E8-6BCF-4866-9567-301E7B6E6988}"
EndProject
Project("{9A19103F-16F7-4668-BE54-9A1E7A4F7556}") = "WDE.Trinity", "WDE.Trinity\WDE.Trinity.csproj", "{AD615AB8-1CE6-474F-BC6C-8BF0D0C7AFBF}"
EndProject
Project("{9A19103F-16F7-4668-BE54-9A1E7A4F7556}") = "WDE.AzerothCore", "WDE.AzerothCore\WDE.AzerothCore.csproj", "{4A5E9E2A-DBC9-4290-ACEB-B108FA458F0E}"
EndProject
Project("{9A19103F-16F7-4668-BE54-9A1E7A4F7556}") = "WDE.Common.WPF", "WDE.Common.WPF\WDE.Common.WPF.csproj", "{5C512B55-B4CA-4DE6-A3DC-A1500F94AE00}"
EndProject
Project("{9A19103F-16F7-4668-BE54-9A1E7A4F7556}") = "WDE.CommonViews.WPF", "WDE.CommonViews.WPF\WDE.CommonViews.WPF.csproj", "{CF05DD30-40F3-435E-BA74-6A4D088483C4}"
EndProject
Project("{9A19103F-16F7-4668-BE54-9A1E7A4F7556}") = "WDE.SmartScriptEditor.WPF", "WDE.SmartScriptEditor.WPF\WDE.SmartScriptEditor.WPF.csproj", "{F2CE4D59-594F-4DE5-8B2C-2FD605F808E8}"
EndProject
Project("{FAE04EC0-301F-11D3-BF4B-00C04F79EFBC}") = "WDE.Common.Avalonia", "WDE.Common.Avalonia\WDE.Common.Avalonia.csproj", "{7ACFACDD-9DE8-4DF3-B283-171639FD9E1E}"
EndProject
Project("{FAE04EC0-301F-11D3-BF4B-00C04F79EFBC}") = "WDE.CommonViews.Avalonia", "WDE.CommonViews.Avalonia\WDE.CommonViews.Avalonia.csproj", "{5647D3F5-EDF9-4D44-AAB9-678B31D57E6C}"
EndProject
Project("{FAE04EC0-301F-11D3-BF4B-00C04F79EFBC}") = "WDE.Conditions.WPF", "WDE.Conditions.WPF\WDE.Conditions.WPF.csproj", "{72A03A5C-F3AE-4DE6-97AF-A686C70BC78A}"
EndProject
Project("{FAE04EC0-301F-11D3-BF4B-00C04F79EFBC}") = "WDE.SmartScriptEditor.Avalonia", "WDE.SmartScriptEditor.Avalonia\WDE.SmartScriptEditor.Avalonia.csproj", "{480A1F45-1C08-45AA-9268-CEC3468D7570}"
EndProject
Project("{FAE04EC0-301F-11D3-BF4B-00C04F79EFBC}") = "AvaloniaStyles", "AvaloniaStyles\AvaloniaStyles.csproj", "{F6EB59E0-BAC4-49B9-81D3-D16D4E8A0FB6}"
EndProject
Project("{FAE04EC0-301F-11D3-BF4B-00C04F79EFBC}") = "WoWDatabaseEditorCore.Avalonia", "WoWDatabaseEditorCore.Avalonia\WoWDatabaseEditorCore.Avalonia.csproj", "{D38826BA-F862-4895-80DB-32CB5821ED67}"
	ProjectSection(ProjectDependencies) = postProject
					{99C9E82C-C594-446D-AA59-8FFBC43AD226} = {99C9E82C-C594-446D-AA59-8FFBC43AD226}
		{B060C7F1-97B0-4A26-B7A8-E47C9AF08D07} = {B060C7F1-97B0-4A26-B7A8-E47C9AF08D07}
		{ACD1C8BC-B91A-40E8-865D-D6826758E7CC} = {ACD1C8BC-B91A-40E8-865D-D6826758E7CC}
		{3CD1E251-D9BF-4061-A8D5-4AC65106C896} = {3CD1E251-D9BF-4061-A8D5-4AC65106C896}
		{A6109F89-0148-4C39-8631-206FFEFBA055} = {A6109F89-0148-4C39-8631-206FFEFBA055}
		{BC7E0845-C750-4DAF-8869-9170211465E6} = {BC7E0845-C750-4DAF-8869-9170211465E6}
		{7E0DE187-A45C-406B-AAAE-608F40237CE6} = {7E0DE187-A45C-406B-AAAE-608F40237CE6}
		{C6BE1E01-CF2F-4FE5-A67C-AC783EB9D3F7} = {C6BE1E01-CF2F-4FE5-A67C-AC783EB9D3F7}
		{A55A533C-AE21-44BB-867B-1AD5BFFCCCBA} = {A55A533C-AE21-44BB-867B-1AD5BFFCCCBA}
		{AD615AB8-1CE6-474F-BC6C-8BF0D0C7AFBF} = {AD615AB8-1CE6-474F-BC6C-8BF0D0C7AFBF}
		{4A5E9E2A-DBC9-4290-ACEB-B108FA458F0E} = {4A5E9E2A-DBC9-4290-ACEB-B108FA458F0E}
		{0913A384-D1CD-4531-8077-E53C2B15C193} = {0913A384-D1CD-4531-8077-E53C2B15C193}
		{5647D3F5-EDF9-4D44-AAB9-678B31D57E6C} = {5647D3F5-EDF9-4D44-AAB9-678B31D57E6C}
		{480A1F45-1C08-45AA-9268-CEC3468D7570} = {480A1F45-1C08-45AA-9268-CEC3468D7570}
		{7ACFACDD-9DE8-4DF3-B283-171639FD9E1E} = {7ACFACDD-9DE8-4DF3-B283-171639FD9E1E}
		{C238232F-57F1-465D-A251-578224F8EA25} = {C238232F-57F1-465D-A251-578224F8EA25}
		{A094F0F9-C067-4B66-8FCA-ECA3747C6A4C} = {A094F0F9-C067-4B66-8FCA-ECA3747C6A4C}
		{FF98ED22-0FFC-4C53-8946-437F5B84441F} = {FF98ED22-0FFC-4C53-8946-437F5B84441F}
		{506C7413-6FD7-472C-99AA-A0580B4D2E3B} = {506C7413-6FD7-472C-99AA-A0580B4D2E3B}
	EndProjectSection
EndProject
Project("{9A19103F-16F7-4668-BE54-9A1E7A4F7556}") = "WoWDatabaseEditorCore.WPF", "WoWDatabaseEditorCore.WPF\WoWDatabaseEditorCore.WPF.csproj", "{60AB9143-F815-4240-9316-B0CBC8AE457A}"
	ProjectSection(ProjectDependencies) = postProject
					{99C9E82C-C594-446D-AA59-8FFBC43AD226} = {99C9E82C-C594-446D-AA59-8FFBC43AD226}
		{B060C7F1-97B0-4A26-B7A8-E47C9AF08D07} = {B060C7F1-97B0-4A26-B7A8-E47C9AF08D07}
		{ACD1C8BC-B91A-40E8-865D-D6826758E7CC} = {ACD1C8BC-B91A-40E8-865D-D6826758E7CC}
		{3CD1E251-D9BF-4061-A8D5-4AC65106C896} = {3CD1E251-D9BF-4061-A8D5-4AC65106C896}
		{A6109F89-0148-4C39-8631-206FFEFBA055} = {A6109F89-0148-4C39-8631-206FFEFBA055}
		{BC7E0845-C750-4DAF-8869-9170211465E6} = {BC7E0845-C750-4DAF-8869-9170211465E6}
		{7E0DE187-A45C-406B-AAAE-608F40237CE6} = {7E0DE187-A45C-406B-AAAE-608F40237CE6}
		{C6BE1E01-CF2F-4FE5-A67C-AC783EB9D3F7} = {C6BE1E01-CF2F-4FE5-A67C-AC783EB9D3F7}
		{11BFD551-37B0-45A1-9890-CB5481B64E7E} = {11BFD551-37B0-45A1-9890-CB5481B64E7E}
		{A55A533C-AE21-44BB-867B-1AD5BFFCCCBA} = {A55A533C-AE21-44BB-867B-1AD5BFFCCCBA}
		{AD615AB8-1CE6-474F-BC6C-8BF0D0C7AFBF} = {AD615AB8-1CE6-474F-BC6C-8BF0D0C7AFBF}
		{4A5E9E2A-DBC9-4290-ACEB-B108FA458F0E} = {4A5E9E2A-DBC9-4290-ACEB-B108FA458F0E}
		{0913A384-D1CD-4531-8077-E53C2B15C193} = {0913A384-D1CD-4531-8077-E53C2B15C193}
		{CF05DD30-40F3-435E-BA74-6A4D088483C4} = {CF05DD30-40F3-435E-BA74-6A4D088483C4}
		{F2CE4D59-594F-4DE5-8B2C-2FD605F808E8} = {F2CE4D59-594F-4DE5-8B2C-2FD605F808E8}
		{72A03A5C-F3AE-4DE6-97AF-A686C70BC78A} = {72A03A5C-F3AE-4DE6-97AF-A686C70BC78A}
		{C238232F-57F1-465D-A251-578224F8EA25} = {C238232F-57F1-465D-A251-578224F8EA25}
		{A094F0F9-C067-4B66-8FCA-ECA3747C6A4C} = {A094F0F9-C067-4B66-8FCA-ECA3747C6A4C}
		{FF98ED22-0FFC-4C53-8946-437F5B84441F} = {FF98ED22-0FFC-4C53-8946-437F5B84441F}
		{506C7413-6FD7-472C-99AA-A0580B4D2E3B} = {506C7413-6FD7-472C-99AA-A0580B4D2E3B}
	EndProjectSection
EndProject
Project("{FAE04EC0-301F-11D3-BF4B-00C04F79EFBC}") = "LoaderAvalonia", "LoaderAvalonia\LoaderAvalonia.csproj", "{8B25EEAE-2DDD-4D62-A426-619FE21D2711}"
EndProject
Project("{FAE04EC0-301F-11D3-BF4B-00C04F79EFBC}") = "LoaderWPF", "LoaderWPF\LoaderWPF.csproj", "{6553F34E-9271-4EA7-BABE-35294CE0A8BA}"
EndProject
Project("{FAE04EC0-301F-11D3-BF4B-00C04F79EFBC}") = "WoWDatabaseEditorCore.Test", "WoWDatabaseEditorCore.Test\WoWDatabaseEditorCore.Test.csproj", "{4A78EB3A-3B3E-41D3-809A-60FD1EF4F801}"
EndProject
Project("{FAE04EC0-301F-11D3-BF4B-00C04F79EFBC}") = "WDE.Updater", "WDE.Updater\WDE.Updater.csproj", "{C238232F-57F1-465D-A251-578224F8EA25}"
EndProject
Project("{FAE04EC0-301F-11D3-BF4B-00C04F79EFBC}") = "Updater", "Updater\Updater.csproj", "{A094F0F9-C067-4B66-8FCA-ECA3747C6A4C}"
EndProject
Project("{FAE04EC0-301F-11D3-BF4B-00C04F79EFBC}") = "WDE.Updater.Test", "WDE.Updater.Test\WDE.Updater.Test.csproj", "{DE7953F1-6155-44F0-86D3-1DCD0A9FE5DC}"
EndProject
Project("{FAE04EC0-301F-11D3-BF4B-00C04F79EFBC}") = "WDE.MySqlDatabaseCommon", "WDE.MySqlDatabaseCommon\WDE.MySqlDatabaseCommon.csproj", "{FF98ED22-0FFC-4C53-8946-437F5B84441F}"
EndProject
Project("{FAE04EC0-301F-11D3-BF4B-00C04F79EFBC}") = "WDE.TrinitySmartScriptEditor", "WDE.TrinitySmartScriptEditor\WDE.TrinitySmartScriptEditor.csproj", "{506C7413-6FD7-472C-99AA-A0580B4D2E3B}"
EndProject
Project("{FAE04EC0-301F-11D3-BF4B-00C04F79EFBC}") = "Dock.Model", "Dock\src\Dock.Model\Dock.Model.csproj", "{F435BC90-7D12-4BDC-B337-F83A26EB77FD}"
EndProject
Project("{FAE04EC0-301F-11D3-BF4B-00C04F79EFBC}") = "Dock.Avalonia", "Dock\src\Dock.Avalonia\Dock.Avalonia.csproj", "{80EDB0DB-C085-4AAD-BF82-EACC1EB30F44}"
EndProject
Project("{FAE04EC0-301F-11D3-BF4B-00C04F79EFBC}") = "Dock.Model.ReactiveUI", "Dock\src\Dock.Model.ReactiveUI\Dock.Model.ReactiveUI.csproj", "{5395540E-4AA8-4CC2-93E3-FF3AA02C1EB8}"
EndProject
Global
	GlobalSection(SolutionConfigurationPlatforms) = preSolution
		Debug|Any CPU = Debug|Any CPU
		Release|Any CPU = Release|Any CPU
		DebugAvalonia|Any CPU = DebugAvalonia|Any CPU
	EndGlobalSection
	GlobalSection(ProjectConfigurationPlatforms) = postSolution
		{99C9E82C-C594-446D-AA59-8FFBC43AD226}.Debug|Any CPU.ActiveCfg = Debug|Any CPU
		{99C9E82C-C594-446D-AA59-8FFBC43AD226}.Debug|Any CPU.Build.0 = Debug|Any CPU
		{99C9E82C-C594-446D-AA59-8FFBC43AD226}.Release|Any CPU.ActiveCfg = Release|Any CPU
		{99C9E82C-C594-446D-AA59-8FFBC43AD226}.Release|Any CPU.Build.0 = Release|Any CPU
		{99C9E82C-C594-446D-AA59-8FFBC43AD226}.DebugAvalonia|Any CPU.ActiveCfg = DebugAvalonia|Any CPU
		{99C9E82C-C594-446D-AA59-8FFBC43AD226}.DebugAvalonia|Any CPU.Build.0 = DebugAvalonia|Any CPU
		{B060C7F1-97B0-4A26-B7A8-E47C9AF08D07}.Debug|Any CPU.ActiveCfg = Debug|Any CPU
		{B060C7F1-97B0-4A26-B7A8-E47C9AF08D07}.Debug|Any CPU.Build.0 = Debug|Any CPU
		{B060C7F1-97B0-4A26-B7A8-E47C9AF08D07}.Release|Any CPU.ActiveCfg = Release|Any CPU
		{B060C7F1-97B0-4A26-B7A8-E47C9AF08D07}.Release|Any CPU.Build.0 = Release|Any CPU
		{B060C7F1-97B0-4A26-B7A8-E47C9AF08D07}.DebugAvalonia|Any CPU.ActiveCfg = DebugAvalonia|Any CPU
		{B060C7F1-97B0-4A26-B7A8-E47C9AF08D07}.DebugAvalonia|Any CPU.Build.0 = DebugAvalonia|Any CPU
		{9D1A4E14-2FE1-403A-A042-ED7E49DB0438}.Debug|Any CPU.ActiveCfg = Debug|Any CPU
		{9D1A4E14-2FE1-403A-A042-ED7E49DB0438}.Debug|Any CPU.Build.0 = Debug|Any CPU
		{9D1A4E14-2FE1-403A-A042-ED7E49DB0438}.Release|Any CPU.ActiveCfg = Release|Any CPU
		{9D1A4E14-2FE1-403A-A042-ED7E49DB0438}.Release|Any CPU.Build.0 = Release|Any CPU
		{9D1A4E14-2FE1-403A-A042-ED7E49DB0438}.DebugAvalonia|Any CPU.ActiveCfg = DebugAvalonia|Any CPU
		{9D1A4E14-2FE1-403A-A042-ED7E49DB0438}.DebugAvalonia|Any CPU.Build.0 = DebugAvalonia|Any CPU
		{ACD1C8BC-B91A-40E8-865D-D6826758E7CC}.Debug|Any CPU.ActiveCfg = Debug|Any CPU
		{ACD1C8BC-B91A-40E8-865D-D6826758E7CC}.Debug|Any CPU.Build.0 = Debug|Any CPU
		{ACD1C8BC-B91A-40E8-865D-D6826758E7CC}.Release|Any CPU.ActiveCfg = Release|Any CPU
		{ACD1C8BC-B91A-40E8-865D-D6826758E7CC}.Release|Any CPU.Build.0 = Release|Any CPU
		{ACD1C8BC-B91A-40E8-865D-D6826758E7CC}.DebugAvalonia|Any CPU.ActiveCfg = DebugAvalonia|Any CPU
		{ACD1C8BC-B91A-40E8-865D-D6826758E7CC}.DebugAvalonia|Any CPU.Build.0 = DebugAvalonia|Any CPU
		{3CD1E251-D9BF-4061-A8D5-4AC65106C896}.Debug|Any CPU.ActiveCfg = Debug|Any CPU
		{3CD1E251-D9BF-4061-A8D5-4AC65106C896}.Debug|Any CPU.Build.0 = Debug|Any CPU
		{3CD1E251-D9BF-4061-A8D5-4AC65106C896}.Release|Any CPU.ActiveCfg = Release|Any CPU
		{3CD1E251-D9BF-4061-A8D5-4AC65106C896}.Release|Any CPU.Build.0 = Release|Any CPU
		{3CD1E251-D9BF-4061-A8D5-4AC65106C896}.DebugAvalonia|Any CPU.ActiveCfg = DebugAvalonia|Any CPU
		{3CD1E251-D9BF-4061-A8D5-4AC65106C896}.DebugAvalonia|Any CPU.Build.0 = DebugAvalonia|Any CPU
		{A6109F89-0148-4C39-8631-206FFEFBA055}.Debug|Any CPU.ActiveCfg = Debug|Any CPU
		{A6109F89-0148-4C39-8631-206FFEFBA055}.Debug|Any CPU.Build.0 = Debug|Any CPU
		{A6109F89-0148-4C39-8631-206FFEFBA055}.Release|Any CPU.ActiveCfg = Release|Any CPU
		{A6109F89-0148-4C39-8631-206FFEFBA055}.Release|Any CPU.Build.0 = Release|Any CPU
		{A6109F89-0148-4C39-8631-206FFEFBA055}.DebugAvalonia|Any CPU.ActiveCfg = DebugAvalonia|Any CPU
		{A6109F89-0148-4C39-8631-206FFEFBA055}.DebugAvalonia|Any CPU.Build.0 = DebugAvalonia|Any CPU
		{BC7E0845-C750-4DAF-8869-9170211465E6}.Debug|Any CPU.ActiveCfg = Debug|Any CPU
		{BC7E0845-C750-4DAF-8869-9170211465E6}.Debug|Any CPU.Build.0 = Debug|Any CPU
		{BC7E0845-C750-4DAF-8869-9170211465E6}.Release|Any CPU.ActiveCfg = Release|Any CPU
		{BC7E0845-C750-4DAF-8869-9170211465E6}.Release|Any CPU.Build.0 = Release|Any CPU
		{BC7E0845-C750-4DAF-8869-9170211465E6}.DebugAvalonia|Any CPU.ActiveCfg = DebugAvalonia|Any CPU
		{BC7E0845-C750-4DAF-8869-9170211465E6}.DebugAvalonia|Any CPU.Build.0 = DebugAvalonia|Any CPU
		{7E0DE187-A45C-406B-AAAE-608F40237CE6}.Debug|Any CPU.ActiveCfg = Debug|Any CPU
		{7E0DE187-A45C-406B-AAAE-608F40237CE6}.Debug|Any CPU.Build.0 = Debug|Any CPU
		{7E0DE187-A45C-406B-AAAE-608F40237CE6}.Release|Any CPU.ActiveCfg = Release|Any CPU
		{7E0DE187-A45C-406B-AAAE-608F40237CE6}.Release|Any CPU.Build.0 = Release|Any CPU
		{7E0DE187-A45C-406B-AAAE-608F40237CE6}.DebugAvalonia|Any CPU.ActiveCfg = DebugAvalonia|Any CPU
		{7E0DE187-A45C-406B-AAAE-608F40237CE6}.DebugAvalonia|Any CPU.Build.0 = DebugAvalonia|Any CPU
		{C6BE1E01-CF2F-4FE5-A67C-AC783EB9D3F7}.Debug|Any CPU.ActiveCfg = Debug|Any CPU
		{C6BE1E01-CF2F-4FE5-A67C-AC783EB9D3F7}.Debug|Any CPU.Build.0 = Debug|Any CPU
		{C6BE1E01-CF2F-4FE5-A67C-AC783EB9D3F7}.Release|Any CPU.ActiveCfg = Release|Any CPU
		{C6BE1E01-CF2F-4FE5-A67C-AC783EB9D3F7}.Release|Any CPU.Build.0 = Release|Any CPU
		{C6BE1E01-CF2F-4FE5-A67C-AC783EB9D3F7}.DebugAvalonia|Any CPU.ActiveCfg = DebugAvalonia|Any CPU
		{C6BE1E01-CF2F-4FE5-A67C-AC783EB9D3F7}.DebugAvalonia|Any CPU.Build.0 = DebugAvalonia|Any CPU
		{4A11961B-85AD-464E-B881-C90F8CAC5647}.Debug|Any CPU.ActiveCfg = Debug|Any CPU
		{4A11961B-85AD-464E-B881-C90F8CAC5647}.Debug|Any CPU.Build.0 = Debug|Any CPU
		{4A11961B-85AD-464E-B881-C90F8CAC5647}.Release|Any CPU.ActiveCfg = Release|Any CPU
		{4A11961B-85AD-464E-B881-C90F8CAC5647}.Release|Any CPU.Build.0 = Release|Any CPU
		{4A11961B-85AD-464E-B881-C90F8CAC5647}.DebugAvalonia|Any CPU.ActiveCfg = DebugAvalonia|Any CPU
		{99F6C079-A4C1-4167-992C-B02EBAA70219}.Debug|Any CPU.ActiveCfg = Debug|Any CPU
		{99F6C079-A4C1-4167-992C-B02EBAA70219}.Debug|Any CPU.Build.0 = Debug|Any CPU
		{99F6C079-A4C1-4167-992C-B02EBAA70219}.Release|Any CPU.ActiveCfg = Release|Any CPU
		{99F6C079-A4C1-4167-992C-B02EBAA70219}.Release|Any CPU.Build.0 = Release|Any CPU
		{99F6C079-A4C1-4167-992C-B02EBAA70219}.DebugAvalonia|Any CPU.ActiveCfg = DebugAvalonia|Any CPU
		{F9373E23-7E19-44D2-8EC9-E638ED1243AA}.Debug|Any CPU.ActiveCfg = Debug|Any CPU
		{F9373E23-7E19-44D2-8EC9-E638ED1243AA}.Debug|Any CPU.Build.0 = Debug|Any CPU
		{F9373E23-7E19-44D2-8EC9-E638ED1243AA}.Release|Any CPU.ActiveCfg = Release|Any CPU
		{F9373E23-7E19-44D2-8EC9-E638ED1243AA}.Release|Any CPU.Build.0 = Release|Any CPU
		{F9373E23-7E19-44D2-8EC9-E638ED1243AA}.DebugAvalonia|Any CPU.ActiveCfg = DebugAvalonia|Any CPU
		{8F5E8C3A-422A-47C6-AFC3-4A62997E5D27}.Debug|Any CPU.ActiveCfg = Debug|Any CPU
		{8F5E8C3A-422A-47C6-AFC3-4A62997E5D27}.Debug|Any CPU.Build.0 = Debug|Any CPU
		{8F5E8C3A-422A-47C6-AFC3-4A62997E5D27}.Release|Any CPU.ActiveCfg = Release|Any CPU
		{8F5E8C3A-422A-47C6-AFC3-4A62997E5D27}.Release|Any CPU.Build.0 = Release|Any CPU
		{8F5E8C3A-422A-47C6-AFC3-4A62997E5D27}.DebugAvalonia|Any CPU.ActiveCfg = DebugAvalonia|Any CPU
		{11BFD551-37B0-45A1-9890-CB5481B64E7E}.Debug|Any CPU.ActiveCfg = Debug|Any CPU
		{11BFD551-37B0-45A1-9890-CB5481B64E7E}.Debug|Any CPU.Build.0 = Debug|Any CPU
		{11BFD551-37B0-45A1-9890-CB5481B64E7E}.Release|Any CPU.ActiveCfg = Release|Any CPU
		{11BFD551-37B0-45A1-9890-CB5481B64E7E}.Release|Any CPU.Build.0 = Release|Any CPU
		{11BFD551-37B0-45A1-9890-CB5481B64E7E}.DebugAvalonia|Any CPU.ActiveCfg = DebugAvalonia|Any CPU
		{A55A533C-AE21-44BB-867B-1AD5BFFCCCBA}.Debug|Any CPU.ActiveCfg = Debug|Any CPU
		{A55A533C-AE21-44BB-867B-1AD5BFFCCCBA}.Debug|Any CPU.Build.0 = Debug|Any CPU
		{A55A533C-AE21-44BB-867B-1AD5BFFCCCBA}.Release|Any CPU.ActiveCfg = Release|Any CPU
		{A55A533C-AE21-44BB-867B-1AD5BFFCCCBA}.Release|Any CPU.Build.0 = Release|Any CPU
		{A55A533C-AE21-44BB-867B-1AD5BFFCCCBA}.DebugAvalonia|Any CPU.ActiveCfg = DebugAvalonia|Any CPU
		{A55A533C-AE21-44BB-867B-1AD5BFFCCCBA}.DebugAvalonia|Any CPU.Build.0 = DebugAvalonia|Any CPU
		{0913A384-D1CD-4531-8077-E53C2B15C193}.Debug|Any CPU.ActiveCfg = Debug|Any CPU
		{0913A384-D1CD-4531-8077-E53C2B15C193}.Debug|Any CPU.Build.0 = Debug|Any CPU
		{0913A384-D1CD-4531-8077-E53C2B15C193}.Release|Any CPU.ActiveCfg = Release|Any CPU
		{0913A384-D1CD-4531-8077-E53C2B15C193}.Release|Any CPU.Build.0 = Release|Any CPU
		{0913A384-D1CD-4531-8077-E53C2B15C193}.DebugAvalonia|Any CPU.ActiveCfg = DebugAvalonia|Any CPU
		{0913A384-D1CD-4531-8077-E53C2B15C193}.DebugAvalonia|Any CPU.Build.0 = DebugAvalonia|Any CPU
		{978E01E8-6BCF-4866-9567-301E7B6E6988}.Debug|Any CPU.ActiveCfg = Debug|Any CPU
		{978E01E8-6BCF-4866-9567-301E7B6E6988}.Debug|Any CPU.Build.0 = Debug|Any CPU
		{978E01E8-6BCF-4866-9567-301E7B6E6988}.Release|Any CPU.ActiveCfg = Release|Any CPU
		{978E01E8-6BCF-4866-9567-301E7B6E6988}.Release|Any CPU.Build.0 = Release|Any CPU
		{978E01E8-6BCF-4866-9567-301E7B6E6988}.DebugAvalonia|Any CPU.ActiveCfg = DebugAvalonia|Any CPU
		{978E01E8-6BCF-4866-9567-301E7B6E6988}.DebugAvalonia|Any CPU.Build.0 = DebugAvalonia|Any CPU
		{AD615AB8-1CE6-474F-BC6C-8BF0D0C7AFBF}.Debug|Any CPU.ActiveCfg = Debug|Any CPU
		{AD615AB8-1CE6-474F-BC6C-8BF0D0C7AFBF}.Debug|Any CPU.Build.0 = Debug|Any CPU
		{AD615AB8-1CE6-474F-BC6C-8BF0D0C7AFBF}.Release|Any CPU.ActiveCfg = Release|Any CPU
		{AD615AB8-1CE6-474F-BC6C-8BF0D0C7AFBF}.Release|Any CPU.Build.0 = Release|Any CPU
		{AD615AB8-1CE6-474F-BC6C-8BF0D0C7AFBF}.DebugAvalonia|Any CPU.ActiveCfg = DebugAvalonia|Any CPU
		{AD615AB8-1CE6-474F-BC6C-8BF0D0C7AFBF}.DebugAvalonia|Any CPU.Build.0 = DebugAvalonia|Any CPU
		{4A5E9E2A-DBC9-4290-ACEB-B108FA458F0E}.Debug|Any CPU.ActiveCfg = Debug|Any CPU
		{4A5E9E2A-DBC9-4290-ACEB-B108FA458F0E}.Debug|Any CPU.Build.0 = Debug|Any CPU
		{4A5E9E2A-DBC9-4290-ACEB-B108FA458F0E}.Release|Any CPU.ActiveCfg = Release|Any CPU
		{4A5E9E2A-DBC9-4290-ACEB-B108FA458F0E}.Release|Any CPU.Build.0 = Release|Any CPU
		{4A5E9E2A-DBC9-4290-ACEB-B108FA458F0E}.DebugAvalonia|Any CPU.ActiveCfg = DebugAvalonia|Any CPU
		{4A5E9E2A-DBC9-4290-ACEB-B108FA458F0E}.DebugAvalonia|Any CPU.Build.0 = DebugAvalonia|Any CPU
		{5C512B55-B4CA-4DE6-A3DC-A1500F94AE00}.Debug|Any CPU.ActiveCfg = Debug|Any CPU
		{5C512B55-B4CA-4DE6-A3DC-A1500F94AE00}.Debug|Any CPU.Build.0 = Debug|Any CPU
		{5C512B55-B4CA-4DE6-A3DC-A1500F94AE00}.Release|Any CPU.ActiveCfg = Release|Any CPU
		{5C512B55-B4CA-4DE6-A3DC-A1500F94AE00}.Release|Any CPU.Build.0 = Release|Any CPU
		{5C512B55-B4CA-4DE6-A3DC-A1500F94AE00}.DebugAvalonia|Any CPU.ActiveCfg = DebugAvalonia|Any CPU
		{60AB9143-F815-4240-9316-B0CBC8AE457A}.Debug|Any CPU.ActiveCfg = Debug|Any CPU
		{60AB9143-F815-4240-9316-B0CBC8AE457A}.Debug|Any CPU.Build.0 = Debug|Any CPU
		{60AB9143-F815-4240-9316-B0CBC8AE457A}.Release|Any CPU.ActiveCfg = Release|Any CPU
		{60AB9143-F815-4240-9316-B0CBC8AE457A}.Release|Any CPU.Build.0 = Release|Any CPU
		{60AB9143-F815-4240-9316-B0CBC8AE457A}.DebugAvalonia|Any CPU.ActiveCfg = DebugAvalonia|Any CPU
		{CF05DD30-40F3-435E-BA74-6A4D088483C4}.Debug|Any CPU.ActiveCfg = Debug|Any CPU
		{CF05DD30-40F3-435E-BA74-6A4D088483C4}.Debug|Any CPU.Build.0 = Debug|Any CPU
		{CF05DD30-40F3-435E-BA74-6A4D088483C4}.Release|Any CPU.ActiveCfg = Release|Any CPU
		{CF05DD30-40F3-435E-BA74-6A4D088483C4}.Release|Any CPU.Build.0 = Release|Any CPU
		{CF05DD30-40F3-435E-BA74-6A4D088483C4}.DebugAvalonia|Any CPU.ActiveCfg = DebugAvalonia|Any CPU
		{F2CE4D59-594F-4DE5-8B2C-2FD605F808E8}.Debug|Any CPU.ActiveCfg = Debug|Any CPU
		{F2CE4D59-594F-4DE5-8B2C-2FD605F808E8}.Debug|Any CPU.Build.0 = Debug|Any CPU
		{F2CE4D59-594F-4DE5-8B2C-2FD605F808E8}.Release|Any CPU.ActiveCfg = Release|Any CPU
		{F2CE4D59-594F-4DE5-8B2C-2FD605F808E8}.Release|Any CPU.Build.0 = Release|Any CPU
		{F2CE4D59-594F-4DE5-8B2C-2FD605F808E8}.DebugAvalonia|Any CPU.ActiveCfg = DebugAvalonia|Any CPU
		{D38826BA-F862-4895-80DB-32CB5821ED67}.Debug|Any CPU.ActiveCfg = Debug|Any CPU
		{D38826BA-F862-4895-80DB-32CB5821ED67}.Release|Any CPU.ActiveCfg = Release|Any CPU
		{D38826BA-F862-4895-80DB-32CB5821ED67}.DebugAvalonia|Any CPU.ActiveCfg = DebugAvalonia|Any CPU
		{D38826BA-F862-4895-80DB-32CB5821ED67}.DebugAvalonia|Any CPU.Build.0 = DebugAvalonia|Any CPU
		{7ACFACDD-9DE8-4DF3-B283-171639FD9E1E}.Debug|Any CPU.ActiveCfg = Debug|Any CPU
		{7ACFACDD-9DE8-4DF3-B283-171639FD9E1E}.Release|Any CPU.ActiveCfg = Release|Any CPU
		{7ACFACDD-9DE8-4DF3-B283-171639FD9E1E}.DebugAvalonia|Any CPU.ActiveCfg = DebugAvalonia|Any CPU
		{7ACFACDD-9DE8-4DF3-B283-171639FD9E1E}.DebugAvalonia|Any CPU.Build.0 = DebugAvalonia|Any CPU
		{5647D3F5-EDF9-4D44-AAB9-678B31D57E6C}.Debug|Any CPU.ActiveCfg = Debug|Any CPU
		{5647D3F5-EDF9-4D44-AAB9-678B31D57E6C}.Release|Any CPU.ActiveCfg = Release|Any CPU
		{5647D3F5-EDF9-4D44-AAB9-678B31D57E6C}.DebugAvalonia|Any CPU.ActiveCfg = DebugAvalonia|Any CPU
		{5647D3F5-EDF9-4D44-AAB9-678B31D57E6C}.DebugAvalonia|Any CPU.Build.0 = DebugAvalonia|Any CPU
		{72A03A5C-F3AE-4DE6-97AF-A686C70BC78A}.Debug|Any CPU.ActiveCfg = Debug|Any CPU
		{72A03A5C-F3AE-4DE6-97AF-A686C70BC78A}.Debug|Any CPU.Build.0 = Debug|Any CPU
		{72A03A5C-F3AE-4DE6-97AF-A686C70BC78A}.Release|Any CPU.ActiveCfg = Release|Any CPU
		{72A03A5C-F3AE-4DE6-97AF-A686C70BC78A}.Release|Any CPU.Build.0 = Release|Any CPU
		{72A03A5C-F3AE-4DE6-97AF-A686C70BC78A}.DebugAvalonia|Any CPU.ActiveCfg = DebugAvalonia|Any CPU
		{480A1F45-1C08-45AA-9268-CEC3468D7570}.Debug|Any CPU.ActiveCfg = Debug|Any CPU
		{480A1F45-1C08-45AA-9268-CEC3468D7570}.Release|Any CPU.ActiveCfg = Release|Any CPU
		{480A1F45-1C08-45AA-9268-CEC3468D7570}.DebugAvalonia|Any CPU.ActiveCfg = DebugAvalonia|Any CPU
		{480A1F45-1C08-45AA-9268-CEC3468D7570}.DebugAvalonia|Any CPU.Build.0 = DebugAvalonia|Any CPU
		{F6EB59E0-BAC4-49B9-81D3-D16D4E8A0FB6}.Debug|Any CPU.ActiveCfg = Debug|Any CPU
		{F6EB59E0-BAC4-49B9-81D3-D16D4E8A0FB6}.Debug|Any CPU.Build.0 = Debug|Any CPU
		{F6EB59E0-BAC4-49B9-81D3-D16D4E8A0FB6}.Release|Any CPU.ActiveCfg = Release|Any CPU
		{F6EB59E0-BAC4-49B9-81D3-D16D4E8A0FB6}.Release|Any CPU.Build.0 = Release|Any CPU
		{F6EB59E0-BAC4-49B9-81D3-D16D4E8A0FB6}.DebugAvalonia|Any CPU.ActiveCfg = DebugAvalonia|Any CPU
		{F6EB59E0-BAC4-49B9-81D3-D16D4E8A0FB6}.DebugAvalonia|Any CPU.Build.0 = DebugAvalonia|Any CPU
		{8B25EEAE-2DDD-4D62-A426-619FE21D2711}.Debug|Any CPU.ActiveCfg = Debug|Any CPU
		{8B25EEAE-2DDD-4D62-A426-619FE21D2711}.Release|Any CPU.ActiveCfg = Release|Any CPU
		{8B25EEAE-2DDD-4D62-A426-619FE21D2711}.Release|Any CPU.Build.0 = Release|Any CPU
		{8B25EEAE-2DDD-4D62-A426-619FE21D2711}.DebugAvalonia|Any CPU.ActiveCfg = DebugAvalonia|Any CPU
		{8B25EEAE-2DDD-4D62-A426-619FE21D2711}.DebugAvalonia|Any CPU.Build.0 = DebugAvalonia|Any CPU
		{6553F34E-9271-4EA7-BABE-35294CE0A8BA}.Debug|Any CPU.ActiveCfg = Debug|Any CPU
		{6553F34E-9271-4EA7-BABE-35294CE0A8BA}.Debug|Any CPU.Build.0 = Debug|Any CPU
		{6553F34E-9271-4EA7-BABE-35294CE0A8BA}.Release|Any CPU.ActiveCfg = Release|Any CPU
		{6553F34E-9271-4EA7-BABE-35294CE0A8BA}.Release|Any CPU.Build.0 = Release|Any CPU
		{6553F34E-9271-4EA7-BABE-35294CE0A8BA}.DebugAvalonia|Any CPU.ActiveCfg = Debug|Any CPU
		{4A78EB3A-3B3E-41D3-809A-60FD1EF4F801}.Debug|Any CPU.ActiveCfg = Debug|Any CPU
		{4A78EB3A-3B3E-41D3-809A-60FD1EF4F801}.Debug|Any CPU.Build.0 = Debug|Any CPU
		{4A78EB3A-3B3E-41D3-809A-60FD1EF4F801}.Release|Any CPU.ActiveCfg = Release|Any CPU
		{4A78EB3A-3B3E-41D3-809A-60FD1EF4F801}.Release|Any CPU.Build.0 = Release|Any CPU
		{4A78EB3A-3B3E-41D3-809A-60FD1EF4F801}.DebugAvalonia|Any CPU.ActiveCfg = DebugAvalonia|Any CPU
		{4A78EB3A-3B3E-41D3-809A-60FD1EF4F801}.DebugAvalonia|Any CPU.Build.0 = DebugAvalonia|Any CPU
		{C238232F-57F1-465D-A251-578224F8EA25}.Debug|Any CPU.ActiveCfg = Debug|Any CPU
		{C238232F-57F1-465D-A251-578224F8EA25}.Debug|Any CPU.Build.0 = Debug|Any CPU
		{C238232F-57F1-465D-A251-578224F8EA25}.Release|Any CPU.ActiveCfg = Release|Any CPU
		{C238232F-57F1-465D-A251-578224F8EA25}.Release|Any CPU.Build.0 = Release|Any CPU
		{C238232F-57F1-465D-A251-578224F8EA25}.DebugAvalonia|Any CPU.ActiveCfg = DebugAvalonia|Any CPU
		{C238232F-57F1-465D-A251-578224F8EA25}.DebugAvalonia|Any CPU.Build.0 = DebugAvalonia|Any CPU
		{A094F0F9-C067-4B66-8FCA-ECA3747C6A4C}.Debug|Any CPU.ActiveCfg = Debug|Any CPU
		{A094F0F9-C067-4B66-8FCA-ECA3747C6A4C}.Debug|Any CPU.Build.0 = Debug|Any CPU
		{A094F0F9-C067-4B66-8FCA-ECA3747C6A4C}.Release|Any CPU.ActiveCfg = Release|Any CPU
		{A094F0F9-C067-4B66-8FCA-ECA3747C6A4C}.Release|Any CPU.Build.0 = Release|Any CPU
		{A094F0F9-C067-4B66-8FCA-ECA3747C6A4C}.DebugAvalonia|Any CPU.ActiveCfg = DebugAvalonia|Any CPU
		{A094F0F9-C067-4B66-8FCA-ECA3747C6A4C}.DebugAvalonia|Any CPU.Build.0 = DebugAvalonia|Any CPU
		{DE7953F1-6155-44F0-86D3-1DCD0A9FE5DC}.Debug|Any CPU.ActiveCfg = Debug|Any CPU
		{DE7953F1-6155-44F0-86D3-1DCD0A9FE5DC}.Debug|Any CPU.Build.0 = Debug|Any CPU
		{DE7953F1-6155-44F0-86D3-1DCD0A9FE5DC}.Release|Any CPU.ActiveCfg = Release|Any CPU
		{DE7953F1-6155-44F0-86D3-1DCD0A9FE5DC}.Release|Any CPU.Build.0 = Release|Any CPU
		{DE7953F1-6155-44F0-86D3-1DCD0A9FE5DC}.DebugAvalonia|Any CPU.ActiveCfg = Debug|Any CPU
		{DE7953F1-6155-44F0-86D3-1DCD0A9FE5DC}.DebugAvalonia|Any CPU.Build.0 = Debug|Any CPU
		{FF98ED22-0FFC-4C53-8946-437F5B84441F}.Debug|Any CPU.ActiveCfg = Debug|Any CPU
		{FF98ED22-0FFC-4C53-8946-437F5B84441F}.Debug|Any CPU.Build.0 = Debug|Any CPU
		{FF98ED22-0FFC-4C53-8946-437F5B84441F}.Release|Any CPU.ActiveCfg = Release|Any CPU
		{FF98ED22-0FFC-4C53-8946-437F5B84441F}.Release|Any CPU.Build.0 = Release|Any CPU
		{FF98ED22-0FFC-4C53-8946-437F5B84441F}.DebugAvalonia|Any CPU.ActiveCfg = DebugAvalonia|Any CPU
		{FF98ED22-0FFC-4C53-8946-437F5B84441F}.DebugAvalonia|Any CPU.Build.0 = DebugAvalonia|Any CPU
		{506C7413-6FD7-472C-99AA-A0580B4D2E3B}.Debug|Any CPU.ActiveCfg = Debug|Any CPU
		{506C7413-6FD7-472C-99AA-A0580B4D2E3B}.Debug|Any CPU.Build.0 = Debug|Any CPU
		{506C7413-6FD7-472C-99AA-A0580B4D2E3B}.Release|Any CPU.ActiveCfg = Release|Any CPU
		{506C7413-6FD7-472C-99AA-A0580B4D2E3B}.Release|Any CPU.Build.0 = Release|Any CPU
		{506C7413-6FD7-472C-99AA-A0580B4D2E3B}.DebugAvalonia|Any CPU.ActiveCfg = DebugAvalonia|Any CPU
		{506C7413-6FD7-472C-99AA-A0580B4D2E3B}.DebugAvalonia|Any CPU.Build.0 = DebugAvalonia|Any CPU
		{F435BC90-7D12-4BDC-B337-F83A26EB77FD}.Debug|Any CPU.ActiveCfg = Debug|Any CPU
		{F435BC90-7D12-4BDC-B337-F83A26EB77FD}.Debug|Any CPU.Build.0 = Debug|Any CPU
		{F435BC90-7D12-4BDC-B337-F83A26EB77FD}.Release|Any CPU.ActiveCfg = Release|Any CPU
		{F435BC90-7D12-4BDC-B337-F83A26EB77FD}.Release|Any CPU.Build.0 = Release|Any CPU
		{F435BC90-7D12-4BDC-B337-F83A26EB77FD}.DebugAvalonia|Any CPU.ActiveCfg = Debug|Any CPU
		{F435BC90-7D12-4BDC-B337-F83A26EB77FD}.DebugAvalonia|Any CPU.Build.0 = Debug|Any CPU
		{80EDB0DB-C085-4AAD-BF82-EACC1EB30F44}.Debug|Any CPU.ActiveCfg = Debug|Any CPU
		{80EDB0DB-C085-4AAD-BF82-EACC1EB30F44}.Debug|Any CPU.Build.0 = Debug|Any CPU
		{80EDB0DB-C085-4AAD-BF82-EACC1EB30F44}.Release|Any CPU.ActiveCfg = Release|Any CPU
		{80EDB0DB-C085-4AAD-BF82-EACC1EB30F44}.Release|Any CPU.Build.0 = Release|Any CPU
		{80EDB0DB-C085-4AAD-BF82-EACC1EB30F44}.DebugAvalonia|Any CPU.ActiveCfg = Debug|Any CPU
		{80EDB0DB-C085-4AAD-BF82-EACC1EB30F44}.DebugAvalonia|Any CPU.Build.0 = Debug|Any CPU
		{5395540E-4AA8-4CC2-93E3-FF3AA02C1EB8}.Debug|Any CPU.ActiveCfg = Debug|Any CPU
		{5395540E-4AA8-4CC2-93E3-FF3AA02C1EB8}.Debug|Any CPU.Build.0 = Debug|Any CPU
		{5395540E-4AA8-4CC2-93E3-FF3AA02C1EB8}.Release|Any CPU.ActiveCfg = Release|Any CPU
		{5395540E-4AA8-4CC2-93E3-FF3AA02C1EB8}.Release|Any CPU.Build.0 = Release|Any CPU
		{5395540E-4AA8-4CC2-93E3-FF3AA02C1EB8}.DebugAvalonia|Any CPU.ActiveCfg = Debug|Any CPU
		{5395540E-4AA8-4CC2-93E3-FF3AA02C1EB8}.DebugAvalonia|Any CPU.Build.0 = Debug|Any CPU
	EndGlobalSection
	GlobalSection(SolutionProperties) = preSolution
		HideSolutionNode = FALSE
	EndGlobalSection
	GlobalSection(ExtensibilityGlobals) = postSolution
		SolutionGuid = {3E63D4A5-8159-4344-B556-1E1D8D63DA99}
	EndGlobalSection
EndGlobal
